// !$*UTF8*$!
{
	archiveVersion = 1;
	classes = {
	};
	objectVersion = 56;
	objects = {

/* Begin PBXBuildFile section */
		470CBEE42BE51E5800D0FADD /* AllPhotocardsCollectionViewController.swift in Sources */ = {isa = PBXBuildFile; fileRef = 470CBEE32BE51E5800D0FADD /* AllPhotocardsCollectionViewController.swift */; };
		470CBEE82BE5242A00D0FADD /* AllPhotocardsCollectionViewCell.swift in Sources */ = {isa = PBXBuildFile; fileRef = 470CBEE72BE5242A00D0FADD /* AllPhotocardsCollectionViewCell.swift */; };
		4712D2FD2BF4236C00408157 /* ComebackData.swift in Sources */ = {isa = PBXBuildFile; fileRef = 4712D2FC2BF4236C00408157 /* ComebackData.swift */; };
		4712D2FF2BF4289400408157 /* ComebacksTableViewController.swift in Sources */ = {isa = PBXBuildFile; fileRef = 4712D2FE2BF4289400408157 /* ComebacksTableViewController.swift */; };
		471E17532BFBF177008ECF5C /* MarketViewController.swift in Sources */ = {isa = PBXBuildFile; fileRef = 471E17522BFBF177008ECF5C /* MarketViewController.swift */; };
		471E17572BFC9428008ECF5C /* MarketResultsTableViewController.swift in Sources */ = {isa = PBXBuildFile; fileRef = 471E17562BFC9428008ECF5C /* MarketResultsTableViewController.swift */; };
		471E175B2BFCF974008ECF5C /* ResultCollectionViewController.swift in Sources */ = {isa = PBXBuildFile; fileRef = 471E175A2BFCF974008ECF5C /* ResultCollectionViewController.swift */; };
		471E175D2BFCF98A008ECF5C /* ResultCollectionViewCell.swift in Sources */ = {isa = PBXBuildFile; fileRef = 471E175C2BFCF98A008ECF5C /* ResultCollectionViewCell.swift */; };
		471E175F2BFD5D72008ECF5C /* PhotocardListingsViewController.swift in Sources */ = {isa = PBXBuildFile; fileRef = 471E175E2BFD5D72008ECF5C /* PhotocardListingsViewController.swift */; };
		471E17612BFD5D9D008ECF5C /* PhotocardListingsTableViewCell.swift in Sources */ = {isa = PBXBuildFile; fileRef = 471E17602BFD5D9D008ECF5C /* PhotocardListingsTableViewCell.swift */; };
		4724D7AD2BE183890021647C /* MyCollectionViewController.swift in Sources */ = {isa = PBXBuildFile; fileRef = 4724D7AC2BE183890021647C /* MyCollectionViewController.swift */; };
		472D6D3B2C0ED89200AA175B /* FirebaseStorage in Frameworks */ = {isa = PBXBuildFile; productRef = 472D6D3A2C0ED89200AA175B /* FirebaseStorage */; };
		4733127C2BD9233E00BB9070 /* SettingsTableViewController.swift in Sources */ = {isa = PBXBuildFile; fileRef = 4733127B2BD9233E00BB9070 /* SettingsTableViewController.swift */; };
		4733127E2BDA504300BB9070 /* SignUpViewController.swift in Sources */ = {isa = PBXBuildFile; fileRef = 4733127D2BDA504200BB9070 /* SignUpViewController.swift */; };
		4737A8E42BD4CA3B003D23BA /* AppDelegate.swift in Sources */ = {isa = PBXBuildFile; fileRef = 4737A8E32BD4CA3B003D23BA /* AppDelegate.swift */; };
		4737A8E62BD4CA3B003D23BA /* SceneDelegate.swift in Sources */ = {isa = PBXBuildFile; fileRef = 4737A8E52BD4CA3B003D23BA /* SceneDelegate.swift */; };
		4737A8EB2BD4CA3B003D23BA /* Base in Resources */ = {isa = PBXBuildFile; fileRef = 4737A8EA2BD4CA3B003D23BA /* Base */; };
		4737A8ED2BD4CA3C003D23BA /* Assets.xcassets in Resources */ = {isa = PBXBuildFile; fileRef = 4737A8EC2BD4CA3C003D23BA /* Assets.xcassets */; };
		4737A8F02BD4CA3C003D23BA /* Base in Resources */ = {isa = PBXBuildFile; fileRef = 4737A8EF2BD4CA3C003D23BA /* Base */; };
		4737A8F92BD4CF3F003D23BA /* FirebaseAuth in Frameworks */ = {isa = PBXBuildFile; productRef = 4737A8F82BD4CF3F003D23BA /* FirebaseAuth */; };
		4737A8FB2BD4CF3F003D23BA /* FirebaseFirestore in Frameworks */ = {isa = PBXBuildFile; productRef = 4737A8FA2BD4CF3F003D23BA /* FirebaseFirestore */; };
		4737A8FD2BD4CF3F003D23BA /* FirebaseFirestoreSwift in Frameworks */ = {isa = PBXBuildFile; productRef = 4737A8FC2BD4CF3F003D23BA /* FirebaseFirestoreSwift */; };
		4737A8FF2BD4D395003D23BA /* GoogleService-Info.plist in Resources */ = {isa = PBXBuildFile; fileRef = 4737A8FE2BD4D395003D23BA /* GoogleService-Info.plist */; };
		4737A9012BD4D553003D23BA /* Idol.swift in Sources */ = {isa = PBXBuildFile; fileRef = 4737A9002BD4D553003D23BA /* Idol.swift */; };
		4737A9042BD4D600003D23BA /* Artist.swift in Sources */ = {isa = PBXBuildFile; fileRef = 4737A9032BD4D600003D23BA /* Artist.swift */; };
		4737A9062BD4DF00003D23BA /* Photocard.swift in Sources */ = {isa = PBXBuildFile; fileRef = 4737A9052BD4DF00003D23BA /* Photocard.swift */; };
		4737A90A2BD4EF18003D23BA /* FirebaseController.swift in Sources */ = {isa = PBXBuildFile; fileRef = 4737A9092BD4EF18003D23BA /* FirebaseController.swift */; };
		4737A90F2BD4EFDA003D23BA /* DatabaseController.swift in Sources */ = {isa = PBXBuildFile; fileRef = 4737A90E2BD4EFDA003D23BA /* DatabaseController.swift */; };
		4737A9112BD4FCA9003D23BA /* MulticastDelegate.swift in Sources */ = {isa = PBXBuildFile; fileRef = 4737A9102BD4FCA9003D23BA /* MulticastDelegate.swift */; };
		473CDD8D2BDE7B9700E6F7BD /* MyCollectionCollectionViewCell.swift in Sources */ = {isa = PBXBuildFile; fileRef = 473CDD8C2BDE7B9700E6F7BD /* MyCollectionCollectionViewCell.swift */; };
		473CDD8F2BDE872700E6F7BD /* FindPhotocardViewController.swift in Sources */ = {isa = PBXBuildFile; fileRef = 473CDD8E2BDE872700E6F7BD /* FindPhotocardViewController.swift */; };
		4743DEE12BD79B22000B3E45 /* User.swift in Sources */ = {isa = PBXBuildFile; fileRef = 4743DEE02BD79B22000B3E45 /* User.swift */; };
		4743DEE52BD7CF83000B3E45 /* LogInViewController.swift in Sources */ = {isa = PBXBuildFile; fileRef = 4743DEE42BD7CF83000B3E45 /* LogInViewController.swift */; };
		47466B9B2BE7867B00C3CC6B /* HeaderCollectionReusableView.swift in Sources */ = {isa = PBXBuildFile; fileRef = 47466B9A2BE7867B00C3CC6B /* HeaderCollectionReusableView.swift */; };
		47466B9D2BE7A0F000C3CC6B /* AllCollectionsCollectionViewController.swift in Sources */ = {isa = PBXBuildFile; fileRef = 47466B9C2BE7A0F000C3CC6B /* AllCollectionsCollectionViewController.swift */; };
		47466BA12BE7E18700C3CC6B /* AllCollectionsCollectionViewCell.swift in Sources */ = {isa = PBXBuildFile; fileRef = 47466BA02BE7E18700C3CC6B /* AllCollectionsCollectionViewCell.swift */; };
		47686DA82C14681D0051D8BD /* MarketPhotocardsHeaderCollectionReusableView.swift in Sources */ = {isa = PBXBuildFile; fileRef = 47686DA72C14681D0051D8BD /* MarketPhotocardsHeaderCollectionReusableView.swift */; };
		47686DAA2C146F6B0051D8BD /* AboutViewController.swift in Sources */ = {isa = PBXBuildFile; fileRef = 47686DA92C146F6B0051D8BD /* AboutViewController.swift */; };
		4772BB052BE4F12900C4E6A8 /* SelectArtistDelegate.swift in Sources */ = {isa = PBXBuildFile; fileRef = 4772BB042BE4F12900C4E6A8 /* SelectArtistDelegate.swift */; };
		4772BB072BE4F3E700C4E6A8 /* SelectAlbumDelegate.swift in Sources */ = {isa = PBXBuildFile; fileRef = 4772BB062BE4F3E700C4E6A8 /* SelectAlbumDelegate.swift */; };
		4772BB092BE4F3F500C4E6A8 /* SelectMemberDelegate.swift in Sources */ = {isa = PBXBuildFile; fileRef = 4772BB082BE4F3F500C4E6A8 /* SelectMemberDelegate.swift */; };
		4772BB0B2BE4F46500C4E6A8 /* AllAlbumsTableViewController.swift in Sources */ = {isa = PBXBuildFile; fileRef = 4772BB0A2BE4F46500C4E6A8 /* AllAlbumsTableViewController.swift */; };
		4772BB0D2BE4F47300C4E6A8 /* AllMembersTableViewController.swift in Sources */ = {isa = PBXBuildFile; fileRef = 4772BB0C2BE4F47300C4E6A8 /* AllMembersTableViewController.swift */; };
		47955AB62BDBC55C0048F38F /* WishlistCollectionViewController.swift in Sources */ = {isa = PBXBuildFile; fileRef = 47955AB52BDBC55C0048F38F /* WishlistCollectionViewController.swift */; };
		47955AB82BDBC5DB0048F38F /* WishlistCollectionViewCell.swift in Sources */ = {isa = PBXBuildFile; fileRef = 47955AB72BDBC5DB0048F38F /* WishlistCollectionViewCell.swift */; };
		47955ABA2BDBCB440048F38F /* Album.swift in Sources */ = {isa = PBXBuildFile; fileRef = 47955AB92BDBCB440048F38F /* Album.swift */; };
		47AA1CE92BE3A60A00E312A9 /* AllArtistsTableViewController.swift in Sources */ = {isa = PBXBuildFile; fileRef = 47AA1CE82BE3A60A00E312A9 /* AllArtistsTableViewController.swift */; };
		47ADCD0C2BEB3BC200DED866 /* FavouritesCollectionViewController.swift in Sources */ = {isa = PBXBuildFile; fileRef = 47ADCD0B2BEB3BC200DED866 /* FavouritesCollectionViewController.swift */; };
		47ADCD0E2BEB3BE100DED866 /* AddToWishlistCollectionViewController.swift in Sources */ = {isa = PBXBuildFile; fileRef = 47ADCD0D2BEB3BE100DED866 /* AddToWishlistCollectionViewController.swift */; };
		47ADCD102BEB3CB300DED866 /* AddToWishlistCollectionViewCell.swift in Sources */ = {isa = PBXBuildFile; fileRef = 47ADCD0F2BEB3CB300DED866 /* AddToWishlistCollectionViewCell.swift */; };
		47ADCD122BEB3CC200DED866 /* FavouritesCollectionViewCell.swift in Sources */ = {isa = PBXBuildFile; fileRef = 47ADCD112BEB3CC200DED866 /* FavouritesCollectionViewCell.swift */; };
		47AF19DB2BF26B8E00EC6879 /* SetHeaderButtonActionDelegate.swift in Sources */ = {isa = PBXBuildFile; fileRef = 47AF19DA2BF26B8E00EC6879 /* SetHeaderButtonActionDelegate.swift */; };
		47B079802BD8D28400E79EB4 /* UIViewController+displayMessage.swift in Sources */ = {isa = PBXBuildFile; fileRef = 47B0797F2BD8D28400E79EB4 /* UIViewController+displayMessage.swift */; };
		47B079822BD8DA7200E79EB4 /* MenuTableViewController.swift in Sources */ = {isa = PBXBuildFile; fileRef = 47B079812BD8DA7200E79EB4 /* MenuTableViewController.swift */; };
		47B416BF2BF62B5600F9978B /* UserViewController.swift in Sources */ = {isa = PBXBuildFile; fileRef = 47B416BE2BF62B5600F9978B /* UserViewController.swift */; };
		47B416C32BF636C800F9978B /* NameTableViewCell.swift in Sources */ = {isa = PBXBuildFile; fileRef = 47B416C22BF636C800F9978B /* NameTableViewCell.swift */; };
		47BEC2DE2C12FDDC001AFDA5 /* AddListingAddImageCollectionViewCell.swift in Sources */ = {isa = PBXBuildFile; fileRef = 47BEC2DD2C12FDDC001AFDA5 /* AddListingAddImageCollectionViewCell.swift */; };
		47BEC2E22C145950001AFDA5 /* MarketPhotocardsCollectionViewCell.swift in Sources */ = {isa = PBXBuildFile; fileRef = 47BEC2E12C145950001AFDA5 /* MarketPhotocardsCollectionViewCell.swift */; };
		47C2A26B2C010019007B1481 /* AddListingViewController.swift in Sources */ = {isa = PBXBuildFile; fileRef = 47C2A26A2C010019007B1481 /* AddListingViewController.swift */; };
		47C2A26D2C01F8EB007B1481 /* AddListingImageCollectionViewCell.swift in Sources */ = {isa = PBXBuildFile; fileRef = 47C2A26C2C01F8EB007B1481 /* AddListingImageCollectionViewCell.swift */; };
		47C2A26F2C022085007B1481 /* FooterCollectionReusableView.swift in Sources */ = {isa = PBXBuildFile; fileRef = 47C2A26E2C022085007B1481 /* FooterCollectionReusableView.swift */; };
		47CACB482BFE68D800B3DC53 /* SearchData+CoreDataClass.swift in Sources */ = {isa = PBXBuildFile; fileRef = 47CACB462BFE68D800B3DC53 /* SearchData+CoreDataClass.swift */; };
		47CACB492BFE68D800B3DC53 /* SearchData+CoreDataProperties.swift in Sources */ = {isa = PBXBuildFile; fileRef = 47CACB472BFE68D800B3DC53 /* SearchData+CoreDataProperties.swift */; };
		47CEB4202BF92CE300EF6E28 /* DataModel.xcdatamodeld in Sources */ = {isa = PBXBuildFile; fileRef = 47CEB41E2BF92CE300EF6E28 /* DataModel.xcdatamodeld */; };
		47CEB4262BF9F5A800EF6E28 /* UserTableViewCell.swift in Sources */ = {isa = PBXBuildFile; fileRef = 47CEB4252BF9F5A800EF6E28 /* UserTableViewCell.swift */; };
		47D4A99F2C0D7CBF00863C4D /* PhotocardListingDetailsTableViewController.swift in Sources */ = {isa = PBXBuildFile; fileRef = 47D4A99E2C0D7CBF00863C4D /* PhotocardListingDetailsTableViewController.swift */; };
		47D4A9A12C0D7D7900863C4D /* ListingDetailsTableViewCell.swift in Sources */ = {isa = PBXBuildFile; fileRef = 47D4A9A02C0D7D7900863C4D /* ListingDetailsTableViewCell.swift */; };
		47D4A9A32C0D8BD500863C4D /* ListingInfoTableViewCell.swift in Sources */ = {isa = PBXBuildFile; fileRef = 47D4A9A22C0D8BD500863C4D /* ListingInfoTableViewCell.swift */; };
		47D4A9A52C0DC15300863C4D /* ListingImagesTableViewCell.swift in Sources */ = {isa = PBXBuildFile; fileRef = 47D4A9A42C0DC15300863C4D /* ListingImagesTableViewCell.swift */; };
		47DE26E52BDCCC00008D3D4E /* DetailsViewController.swift in Sources */ = {isa = PBXBuildFile; fileRef = 47DE26E42BDCCC00008D3D4E /* DetailsViewController.swift */; };
		47FA17E42BF51CE50000C992 /* ComebackTableViewCell.swift in Sources */ = {isa = PBXBuildFile; fileRef = 47FA17E32BF51CE50000C992 /* ComebackTableViewCell.swift */; };
		47FCB2DF2BFA6B4400D8FE7E /* Listing.swift in Sources */ = {isa = PBXBuildFile; fileRef = 47FCB2DE2BFA6B4400D8FE7E /* Listing.swift */; };
/* End PBXBuildFile section */

/* Begin PBXFileReference section */
		470CBEE32BE51E5800D0FADD /* AllPhotocardsCollectionViewController.swift */ = {isa = PBXFileReference; lastKnownFileType = sourcecode.swift; path = AllPhotocardsCollectionViewController.swift; sourceTree = "<group>"; };
		470CBEE72BE5242A00D0FADD /* AllPhotocardsCollectionViewCell.swift */ = {isa = PBXFileReference; lastKnownFileType = sourcecode.swift; path = AllPhotocardsCollectionViewCell.swift; sourceTree = "<group>"; };
		4712D2FC2BF4236C00408157 /* ComebackData.swift */ = {isa = PBXFileReference; lastKnownFileType = sourcecode.swift; path = ComebackData.swift; sourceTree = "<group>"; };
		4712D2FE2BF4289400408157 /* ComebacksTableViewController.swift */ = {isa = PBXFileReference; lastKnownFileType = sourcecode.swift; path = ComebacksTableViewController.swift; sourceTree = "<group>"; };
		471E17522BFBF177008ECF5C /* MarketViewController.swift */ = {isa = PBXFileReference; lastKnownFileType = sourcecode.swift; path = MarketViewController.swift; sourceTree = "<group>"; };
		471E17562BFC9428008ECF5C /* MarketResultsTableViewController.swift */ = {isa = PBXFileReference; lastKnownFileType = sourcecode.swift; path = MarketResultsTableViewController.swift; sourceTree = "<group>"; };
		471E175A2BFCF974008ECF5C /* ResultCollectionViewController.swift */ = {isa = PBXFileReference; lastKnownFileType = sourcecode.swift; path = ResultCollectionViewController.swift; sourceTree = "<group>"; };
		471E175C2BFCF98A008ECF5C /* ResultCollectionViewCell.swift */ = {isa = PBXFileReference; lastKnownFileType = sourcecode.swift; path = ResultCollectionViewCell.swift; sourceTree = "<group>"; };
		471E175E2BFD5D72008ECF5C /* PhotocardListingsViewController.swift */ = {isa = PBXFileReference; lastKnownFileType = sourcecode.swift; path = PhotocardListingsViewController.swift; sourceTree = "<group>"; };
		471E17602BFD5D9D008ECF5C /* PhotocardListingsTableViewCell.swift */ = {isa = PBXFileReference; lastKnownFileType = sourcecode.swift; path = PhotocardListingsTableViewCell.swift; sourceTree = "<group>"; };
		4724D7AC2BE183890021647C /* MyCollectionViewController.swift */ = {isa = PBXFileReference; lastKnownFileType = sourcecode.swift; path = MyCollectionViewController.swift; sourceTree = "<group>"; };
		4733127B2BD9233E00BB9070 /* SettingsTableViewController.swift */ = {isa = PBXFileReference; lastKnownFileType = sourcecode.swift; path = SettingsTableViewController.swift; sourceTree = "<group>"; };
		4733127D2BDA504200BB9070 /* SignUpViewController.swift */ = {isa = PBXFileReference; lastKnownFileType = sourcecode.swift; path = SignUpViewController.swift; sourceTree = "<group>"; };
		4737A8E02BD4CA3B003D23BA /* Kollect-App.app */ = {isa = PBXFileReference; explicitFileType = wrapper.application; includeInIndex = 0; path = "Kollect-App.app"; sourceTree = BUILT_PRODUCTS_DIR; };
		4737A8E32BD4CA3B003D23BA /* AppDelegate.swift */ = {isa = PBXFileReference; lastKnownFileType = sourcecode.swift; path = AppDelegate.swift; sourceTree = "<group>"; };
		4737A8E52BD4CA3B003D23BA /* SceneDelegate.swift */ = {isa = PBXFileReference; lastKnownFileType = sourcecode.swift; path = SceneDelegate.swift; sourceTree = "<group>"; };
		4737A8EA2BD4CA3B003D23BA /* Base */ = {isa = PBXFileReference; lastKnownFileType = file.storyboard; name = Base; path = Base.lproj/Main.storyboard; sourceTree = "<group>"; };
		4737A8EC2BD4CA3C003D23BA /* Assets.xcassets */ = {isa = PBXFileReference; lastKnownFileType = folder.assetcatalog; path = Assets.xcassets; sourceTree = "<group>"; };
		4737A8EF2BD4CA3C003D23BA /* Base */ = {isa = PBXFileReference; lastKnownFileType = file.storyboard; name = Base; path = Base.lproj/LaunchScreen.storyboard; sourceTree = "<group>"; };
		4737A8F12BD4CA3C003D23BA /* Info.plist */ = {isa = PBXFileReference; lastKnownFileType = text.plist.xml; path = Info.plist; sourceTree = "<group>"; };
		4737A8FE2BD4D395003D23BA /* GoogleService-Info.plist */ = {isa = PBXFileReference; fileEncoding = 4; lastKnownFileType = text.plist.xml; path = "GoogleService-Info.plist"; sourceTree = "<group>"; };
		4737A9002BD4D553003D23BA /* Idol.swift */ = {isa = PBXFileReference; lastKnownFileType = sourcecode.swift; path = Idol.swift; sourceTree = "<group>"; };
		4737A9032BD4D600003D23BA /* Artist.swift */ = {isa = PBXFileReference; lastKnownFileType = sourcecode.swift; path = Artist.swift; sourceTree = "<group>"; };
		4737A9052BD4DF00003D23BA /* Photocard.swift */ = {isa = PBXFileReference; lastKnownFileType = sourcecode.swift; path = Photocard.swift; sourceTree = "<group>"; };
		4737A9092BD4EF18003D23BA /* FirebaseController.swift */ = {isa = PBXFileReference; lastKnownFileType = sourcecode.swift; path = FirebaseController.swift; sourceTree = "<group>"; };
		4737A90E2BD4EFDA003D23BA /* DatabaseController.swift */ = {isa = PBXFileReference; lastKnownFileType = sourcecode.swift; path = DatabaseController.swift; sourceTree = "<group>"; };
		4737A9102BD4FCA9003D23BA /* MulticastDelegate.swift */ = {isa = PBXFileReference; fileEncoding = 4; lastKnownFileType = sourcecode.swift; path = MulticastDelegate.swift; sourceTree = "<group>"; };
		473CDD8C2BDE7B9700E6F7BD /* MyCollectionCollectionViewCell.swift */ = {isa = PBXFileReference; lastKnownFileType = sourcecode.swift; path = MyCollectionCollectionViewCell.swift; sourceTree = "<group>"; };
		473CDD8E2BDE872700E6F7BD /* FindPhotocardViewController.swift */ = {isa = PBXFileReference; lastKnownFileType = sourcecode.swift; path = FindPhotocardViewController.swift; sourceTree = "<group>"; };
		4743DEE02BD79B22000B3E45 /* User.swift */ = {isa = PBXFileReference; lastKnownFileType = sourcecode.swift; path = User.swift; sourceTree = "<group>"; };
		4743DEE42BD7CF83000B3E45 /* LogInViewController.swift */ = {isa = PBXFileReference; lastKnownFileType = sourcecode.swift; path = LogInViewController.swift; sourceTree = "<group>"; };
		47466B9A2BE7867B00C3CC6B /* HeaderCollectionReusableView.swift */ = {isa = PBXFileReference; lastKnownFileType = sourcecode.swift; path = HeaderCollectionReusableView.swift; sourceTree = "<group>"; };
		47466B9C2BE7A0F000C3CC6B /* AllCollectionsCollectionViewController.swift */ = {isa = PBXFileReference; lastKnownFileType = sourcecode.swift; path = AllCollectionsCollectionViewController.swift; sourceTree = "<group>"; };
		47466BA02BE7E18700C3CC6B /* AllCollectionsCollectionViewCell.swift */ = {isa = PBXFileReference; lastKnownFileType = sourcecode.swift; path = AllCollectionsCollectionViewCell.swift; sourceTree = "<group>"; };
		47686DA72C14681D0051D8BD /* MarketPhotocardsHeaderCollectionReusableView.swift */ = {isa = PBXFileReference; lastKnownFileType = sourcecode.swift; path = MarketPhotocardsHeaderCollectionReusableView.swift; sourceTree = "<group>"; };
		47686DA92C146F6B0051D8BD /* AboutViewController.swift */ = {isa = PBXFileReference; lastKnownFileType = sourcecode.swift; path = AboutViewController.swift; sourceTree = "<group>"; };
		4772BB042BE4F12900C4E6A8 /* SelectArtistDelegate.swift */ = {isa = PBXFileReference; lastKnownFileType = sourcecode.swift; path = SelectArtistDelegate.swift; sourceTree = "<group>"; };
		4772BB062BE4F3E700C4E6A8 /* SelectAlbumDelegate.swift */ = {isa = PBXFileReference; lastKnownFileType = sourcecode.swift; path = SelectAlbumDelegate.swift; sourceTree = "<group>"; };
		4772BB082BE4F3F500C4E6A8 /* SelectMemberDelegate.swift */ = {isa = PBXFileReference; lastKnownFileType = sourcecode.swift; path = SelectMemberDelegate.swift; sourceTree = "<group>"; };
		4772BB0A2BE4F46500C4E6A8 /* AllAlbumsTableViewController.swift */ = {isa = PBXFileReference; lastKnownFileType = sourcecode.swift; path = AllAlbumsTableViewController.swift; sourceTree = "<group>"; };
		4772BB0C2BE4F47300C4E6A8 /* AllMembersTableViewController.swift */ = {isa = PBXFileReference; lastKnownFileType = sourcecode.swift; path = AllMembersTableViewController.swift; sourceTree = "<group>"; };
		47955AB52BDBC55C0048F38F /* WishlistCollectionViewController.swift */ = {isa = PBXFileReference; lastKnownFileType = sourcecode.swift; path = WishlistCollectionViewController.swift; sourceTree = "<group>"; };
		47955AB72BDBC5DB0048F38F /* WishlistCollectionViewCell.swift */ = {isa = PBXFileReference; lastKnownFileType = sourcecode.swift; path = WishlistCollectionViewCell.swift; sourceTree = "<group>"; };
		47955AB92BDBCB440048F38F /* Album.swift */ = {isa = PBXFileReference; lastKnownFileType = sourcecode.swift; path = Album.swift; sourceTree = "<group>"; };
		47AA1CE82BE3A60A00E312A9 /* AllArtistsTableViewController.swift */ = {isa = PBXFileReference; lastKnownFileType = sourcecode.swift; path = AllArtistsTableViewController.swift; sourceTree = "<group>"; };
		47ADCD0B2BEB3BC200DED866 /* FavouritesCollectionViewController.swift */ = {isa = PBXFileReference; lastKnownFileType = sourcecode.swift; path = FavouritesCollectionViewController.swift; sourceTree = "<group>"; };
		47ADCD0D2BEB3BE100DED866 /* AddToWishlistCollectionViewController.swift */ = {isa = PBXFileReference; lastKnownFileType = sourcecode.swift; path = AddToWishlistCollectionViewController.swift; sourceTree = "<group>"; };
		47ADCD0F2BEB3CB300DED866 /* AddToWishlistCollectionViewCell.swift */ = {isa = PBXFileReference; lastKnownFileType = sourcecode.swift; path = AddToWishlistCollectionViewCell.swift; sourceTree = "<group>"; };
		47ADCD112BEB3CC200DED866 /* FavouritesCollectionViewCell.swift */ = {isa = PBXFileReference; lastKnownFileType = sourcecode.swift; path = FavouritesCollectionViewCell.swift; sourceTree = "<group>"; };
		47AF19DA2BF26B8E00EC6879 /* SetHeaderButtonActionDelegate.swift */ = {isa = PBXFileReference; lastKnownFileType = sourcecode.swift; path = SetHeaderButtonActionDelegate.swift; sourceTree = "<group>"; };
		47B0797F2BD8D28400E79EB4 /* UIViewController+displayMessage.swift */ = {isa = PBXFileReference; fileEncoding = 4; lastKnownFileType = sourcecode.swift; path = "UIViewController+displayMessage.swift"; sourceTree = "<group>"; };
		47B079812BD8DA7200E79EB4 /* MenuTableViewController.swift */ = {isa = PBXFileReference; lastKnownFileType = sourcecode.swift; path = MenuTableViewController.swift; sourceTree = "<group>"; };
		47B416BE2BF62B5600F9978B /* UserViewController.swift */ = {isa = PBXFileReference; lastKnownFileType = sourcecode.swift; path = UserViewController.swift; sourceTree = "<group>"; };
		47B416C22BF636C800F9978B /* NameTableViewCell.swift */ = {isa = PBXFileReference; lastKnownFileType = sourcecode.swift; path = NameTableViewCell.swift; sourceTree = "<group>"; };
		47BEC2DD2C12FDDC001AFDA5 /* AddListingAddImageCollectionViewCell.swift */ = {isa = PBXFileReference; lastKnownFileType = sourcecode.swift; path = AddListingAddImageCollectionViewCell.swift; sourceTree = "<group>"; };
		47BEC2E12C145950001AFDA5 /* MarketPhotocardsCollectionViewCell.swift */ = {isa = PBXFileReference; lastKnownFileType = sourcecode.swift; path = MarketPhotocardsCollectionViewCell.swift; sourceTree = "<group>"; };
		47C2A26A2C010019007B1481 /* AddListingViewController.swift */ = {isa = PBXFileReference; lastKnownFileType = sourcecode.swift; path = AddListingViewController.swift; sourceTree = "<group>"; };
		47C2A26C2C01F8EB007B1481 /* AddListingImageCollectionViewCell.swift */ = {isa = PBXFileReference; lastKnownFileType = sourcecode.swift; path = AddListingImageCollectionViewCell.swift; sourceTree = "<group>"; };
		47C2A26E2C022085007B1481 /* FooterCollectionReusableView.swift */ = {isa = PBXFileReference; lastKnownFileType = sourcecode.swift; path = FooterCollectionReusableView.swift; sourceTree = "<group>"; };
		47CACB462BFE68D800B3DC53 /* SearchData+CoreDataClass.swift */ = {isa = PBXFileReference; lastKnownFileType = sourcecode.swift; path = "SearchData+CoreDataClass.swift"; sourceTree = "<group>"; };
		47CACB472BFE68D800B3DC53 /* SearchData+CoreDataProperties.swift */ = {isa = PBXFileReference; lastKnownFileType = sourcecode.swift; path = "SearchData+CoreDataProperties.swift"; sourceTree = "<group>"; };
		47CEB41F2BF92CE300EF6E28 /* UserImageModel.xcdatamodel */ = {isa = PBXFileReference; lastKnownFileType = wrapper.xcdatamodel; path = UserImageModel.xcdatamodel; sourceTree = "<group>"; };
		47CEB4252BF9F5A800EF6E28 /* UserTableViewCell.swift */ = {isa = PBXFileReference; lastKnownFileType = sourcecode.swift; path = UserTableViewCell.swift; sourceTree = "<group>"; };
		47D4A99E2C0D7CBF00863C4D /* PhotocardListingDetailsTableViewController.swift */ = {isa = PBXFileReference; lastKnownFileType = sourcecode.swift; path = PhotocardListingDetailsTableViewController.swift; sourceTree = "<group>"; };
		47D4A9A02C0D7D7900863C4D /* ListingDetailsTableViewCell.swift */ = {isa = PBXFileReference; lastKnownFileType = sourcecode.swift; path = ListingDetailsTableViewCell.swift; sourceTree = "<group>"; };
		47D4A9A22C0D8BD500863C4D /* ListingInfoTableViewCell.swift */ = {isa = PBXFileReference; lastKnownFileType = sourcecode.swift; path = ListingInfoTableViewCell.swift; sourceTree = "<group>"; };
		47D4A9A42C0DC15300863C4D /* ListingImagesTableViewCell.swift */ = {isa = PBXFileReference; lastKnownFileType = sourcecode.swift; path = ListingImagesTableViewCell.swift; sourceTree = "<group>"; };
		47DE26E42BDCCC00008D3D4E /* DetailsViewController.swift */ = {isa = PBXFileReference; lastKnownFileType = sourcecode.swift; path = DetailsViewController.swift; sourceTree = "<group>"; };
		47FA17E32BF51CE50000C992 /* ComebackTableViewCell.swift */ = {isa = PBXFileReference; lastKnownFileType = sourcecode.swift; path = ComebackTableViewCell.swift; sourceTree = "<group>"; };
		47FCB2DE2BFA6B4400D8FE7E /* Listing.swift */ = {isa = PBXFileReference; lastKnownFileType = sourcecode.swift; path = Listing.swift; sourceTree = "<group>"; };
/* End PBXFileReference section */

/* Begin PBXFrameworksBuildPhase section */
		4737A8DD2BD4CA3B003D23BA /* Frameworks */ = {
			isa = PBXFrameworksBuildPhase;
			buildActionMask = 2147483647;
			files = (
				4737A8F92BD4CF3F003D23BA /* FirebaseAuth in Frameworks */,
				472D6D3B2C0ED89200AA175B /* FirebaseStorage in Frameworks */,
				4737A8FB2BD4CF3F003D23BA /* FirebaseFirestore in Frameworks */,
				4737A8FD2BD4CF3F003D23BA /* FirebaseFirestoreSwift in Frameworks */,
			);
			runOnlyForDeploymentPostprocessing = 0;
		};
/* End PBXFrameworksBuildPhase section */

/* Begin PBXGroup section */
		472D6D392C0ED89200AA175B /* Frameworks */ = {
			isa = PBXGroup;
			children = (
			);
			name = Frameworks;
			sourceTree = "<group>";
		};
		4737A8D72BD4CA3B003D23BA = {
			isa = PBXGroup;
			children = (
				4737A8E22BD4CA3B003D23BA /* Kollect-App */,
				4737A8E12BD4CA3B003D23BA /* Products */,
				472D6D392C0ED89200AA175B /* Frameworks */,
			);
			sourceTree = "<group>";
		};
		4737A8E12BD4CA3B003D23BA /* Products */ = {
			isa = PBXGroup;
			children = (
				4737A8E02BD4CA3B003D23BA /* Kollect-App.app */,
			);
			name = Products;
			sourceTree = "<group>";
		};
		4737A8E22BD4CA3B003D23BA /* Kollect-App */ = {
			isa = PBXGroup;
			children = (
				4743DEE32BD7CF5A000B3E45 /* Database */,
				4737A9022BD4D5E3003D23BA /* Model */,
				4737A90B2BD4EF21003D23BA /* Controller */,
				4737A8E32BD4CA3B003D23BA /* AppDelegate.swift */,
				4737A8E52BD4CA3B003D23BA /* SceneDelegate.swift */,
				4737A8E92BD4CA3B003D23BA /* Main.storyboard */,
				4737A8EC2BD4CA3C003D23BA /* Assets.xcassets */,
				4737A8EE2BD4CA3C003D23BA /* LaunchScreen.storyboard */,
				4737A8F12BD4CA3C003D23BA /* Info.plist */,
				4737A8FE2BD4D395003D23BA /* GoogleService-Info.plist */,
			);
			path = "Kollect-App";
			sourceTree = "<group>";
		};
		4737A9022BD4D5E3003D23BA /* Model */ = {
			isa = PBXGroup;
			children = (
				4737A9002BD4D553003D23BA /* Idol.swift */,
				4737A9032BD4D600003D23BA /* Artist.swift */,
				4737A9052BD4DF00003D23BA /* Photocard.swift */,
				4743DEE02BD79B22000B3E45 /* User.swift */,
				47955AB92BDBCB440048F38F /* Album.swift */,
				47FCB2DE2BFA6B4400D8FE7E /* Listing.swift */,
			);
			path = Model;
			sourceTree = "<group>";
		};
		4737A90B2BD4EF21003D23BA /* Controller */ = {
			isa = PBXGroup;
			children = (
				473CDD912BDE874300E6F7BD /* Collection */,
				473CDD922BDE875200E6F7BD /* Market */,
				473CDD942BDE875F00E6F7BD /* Menu */,
				47B0797F2BD8D28400E79EB4 /* UIViewController+displayMessage.swift */,
				4743DEE42BD7CF83000B3E45 /* LogInViewController.swift */,
				4733127D2BDA504200BB9070 /* SignUpViewController.swift */,
				47DE26E42BDCCC00008D3D4E /* DetailsViewController.swift */,
			);
			path = Controller;
			sourceTree = "<group>";
		};
		473CDD912BDE874300E6F7BD /* Collection */ = {
			isa = PBXGroup;
			children = (
				4724D7AC2BE183890021647C /* MyCollectionViewController.swift */,
				473CDD8C2BDE7B9700E6F7BD /* MyCollectionCollectionViewCell.swift */,
				473CDD8E2BDE872700E6F7BD /* FindPhotocardViewController.swift */,
				47AA1CE82BE3A60A00E312A9 /* AllArtistsTableViewController.swift */,
				4772BB0A2BE4F46500C4E6A8 /* AllAlbumsTableViewController.swift */,
				4772BB0C2BE4F47300C4E6A8 /* AllMembersTableViewController.swift */,
				470CBEE32BE51E5800D0FADD /* AllPhotocardsCollectionViewController.swift */,
				470CBEE72BE5242A00D0FADD /* AllPhotocardsCollectionViewCell.swift */,
				47466B9A2BE7867B00C3CC6B /* HeaderCollectionReusableView.swift */,
				47466B9C2BE7A0F000C3CC6B /* AllCollectionsCollectionViewController.swift */,
				47466BA02BE7E18700C3CC6B /* AllCollectionsCollectionViewCell.swift */,
				47ADCD0B2BEB3BC200DED866 /* FavouritesCollectionViewController.swift */,
				47ADCD112BEB3CC200DED866 /* FavouritesCollectionViewCell.swift */,
				47ADCD0D2BEB3BE100DED866 /* AddToWishlistCollectionViewController.swift */,
				47ADCD0F2BEB3CB300DED866 /* AddToWishlistCollectionViewCell.swift */,
			);
			path = Collection;
			sourceTree = "<group>";
		};
		473CDD922BDE875200E6F7BD /* Market */ = {
			isa = PBXGroup;
			children = (
				471E17522BFBF177008ECF5C /* MarketViewController.swift */,
				471E17562BFC9428008ECF5C /* MarketResultsTableViewController.swift */,
				4712D2FE2BF4289400408157 /* ComebacksTableViewController.swift */,
				47FA17E32BF51CE50000C992 /* ComebackTableViewCell.swift */,
				47686DA72C14681D0051D8BD /* MarketPhotocardsHeaderCollectionReusableView.swift */,
				47BEC2E12C145950001AFDA5 /* MarketPhotocardsCollectionViewCell.swift */,
				471E175A2BFCF974008ECF5C /* ResultCollectionViewController.swift */,
				471E175C2BFCF98A008ECF5C /* ResultCollectionViewCell.swift */,
				471E175E2BFD5D72008ECF5C /* PhotocardListingsViewController.swift */,
				471E17602BFD5D9D008ECF5C /* PhotocardListingsTableViewCell.swift */,
				47D4A99E2C0D7CBF00863C4D /* PhotocardListingDetailsTableViewController.swift */,
				47D4A9A42C0DC15300863C4D /* ListingImagesTableViewCell.swift */,
				47D4A9A02C0D7D7900863C4D /* ListingDetailsTableViewCell.swift */,
				47D4A9A22C0D8BD500863C4D /* ListingInfoTableViewCell.swift */,
				47C2A26A2C010019007B1481 /* AddListingViewController.swift */,
				47BEC2DD2C12FDDC001AFDA5 /* AddListingAddImageCollectionViewCell.swift */,
				47C2A26C2C01F8EB007B1481 /* AddListingImageCollectionViewCell.swift */,
				47C2A26E2C022085007B1481 /* FooterCollectionReusableView.swift */,
			);
			path = Market;
			sourceTree = "<group>";
		};
		473CDD942BDE875F00E6F7BD /* Menu */ = {
			isa = PBXGroup;
			children = (
				47B079812BD8DA7200E79EB4 /* MenuTableViewController.swift */,
				47CEB4252BF9F5A800EF6E28 /* UserTableViewCell.swift */,
				4733127B2BD9233E00BB9070 /* SettingsTableViewController.swift */,
				47686DA92C146F6B0051D8BD /* AboutViewController.swift */,
				47955AB52BDBC55C0048F38F /* WishlistCollectionViewController.swift */,
				47955AB72BDBC5DB0048F38F /* WishlistCollectionViewCell.swift */,
				47B416BE2BF62B5600F9978B /* UserViewController.swift */,
				47B416C22BF636C800F9978B /* NameTableViewCell.swift */,
			);
			path = Menu;
			sourceTree = "<group>";
		};
		4743DEE32BD7CF5A000B3E45 /* Database */ = {
			isa = PBXGroup;
			children = (
				4737A9102BD4FCA9003D23BA /* MulticastDelegate.swift */,
				4737A90E2BD4EFDA003D23BA /* DatabaseController.swift */,
				4737A9092BD4EF18003D23BA /* FirebaseController.swift */,
				4712D2FC2BF4236C00408157 /* ComebackData.swift */,
				4772BB042BE4F12900C4E6A8 /* SelectArtistDelegate.swift */,
				4772BB062BE4F3E700C4E6A8 /* SelectAlbumDelegate.swift */,
				4772BB082BE4F3F500C4E6A8 /* SelectMemberDelegate.swift */,
				47AF19DA2BF26B8E00EC6879 /* SetHeaderButtonActionDelegate.swift */,
				47CEB41E2BF92CE300EF6E28 /* DataModel.xcdatamodeld */,
				47CACB462BFE68D800B3DC53 /* SearchData+CoreDataClass.swift */,
				47CACB472BFE68D800B3DC53 /* SearchData+CoreDataProperties.swift */,
			);
			path = Database;
			sourceTree = "<group>";
		};
/* End PBXGroup section */

/* Begin PBXNativeTarget section */
		4737A8DF2BD4CA3B003D23BA /* Kollect-App */ = {
			isa = PBXNativeTarget;
			buildConfigurationList = 4737A8F42BD4CA3C003D23BA /* Build configuration list for PBXNativeTarget "Kollect-App" */;
			buildPhases = (
				4737A8DC2BD4CA3B003D23BA /* Sources */,
				4737A8DD2BD4CA3B003D23BA /* Frameworks */,
				4737A8DE2BD4CA3B003D23BA /* Resources */,
			);
			buildRules = (
			);
			dependencies = (
			);
			name = "Kollect-App";
			packageProductDependencies = (
				4737A8F82BD4CF3F003D23BA /* FirebaseAuth */,
				4737A8FA2BD4CF3F003D23BA /* FirebaseFirestore */,
				4737A8FC2BD4CF3F003D23BA /* FirebaseFirestoreSwift */,
				472D6D3A2C0ED89200AA175B /* FirebaseStorage */,
			);
			productName = "Kollect-App";
			productReference = 4737A8E02BD4CA3B003D23BA /* Kollect-App.app */;
			productType = "com.apple.product-type.application";
		};
/* End PBXNativeTarget section */

/* Begin PBXProject section */
		4737A8D82BD4CA3B003D23BA /* Project object */ = {
			isa = PBXProject;
			attributes = {
				BuildIndependentTargetsInParallel = 1;
				LastSwiftUpdateCheck = 1530;
				LastUpgradeCheck = 1530;
				TargetAttributes = {
					4737A8DF2BD4CA3B003D23BA = {
						CreatedOnToolsVersion = 15.3;
					};
				};
			};
			buildConfigurationList = 4737A8DB2BD4CA3B003D23BA /* Build configuration list for PBXProject "Kollect-App" */;
			compatibilityVersion = "Xcode 14.0";
			developmentRegion = en;
			hasScannedForEncodings = 0;
			knownRegions = (
				en,
				Base,
			);
			mainGroup = 4737A8D72BD4CA3B003D23BA;
			packageReferences = (
				4737A8F72BD4CF3F003D23BA /* XCRemoteSwiftPackageReference "firebase-ios-sdk" */,
			);
			productRefGroup = 4737A8E12BD4CA3B003D23BA /* Products */;
			projectDirPath = "";
			projectRoot = "";
			targets = (
				4737A8DF2BD4CA3B003D23BA /* Kollect-App */,
			);
		};
/* End PBXProject section */

/* Begin PBXResourcesBuildPhase section */
		4737A8DE2BD4CA3B003D23BA /* Resources */ = {
			isa = PBXResourcesBuildPhase;
			buildActionMask = 2147483647;
			files = (
				4737A8ED2BD4CA3C003D23BA /* Assets.xcassets in Resources */,
				4737A8FF2BD4D395003D23BA /* GoogleService-Info.plist in Resources */,
				4737A8F02BD4CA3C003D23BA /* Base in Resources */,
				4737A8EB2BD4CA3B003D23BA /* Base in Resources */,
			);
			runOnlyForDeploymentPostprocessing = 0;
		};
/* End PBXResourcesBuildPhase section */

/* Begin PBXSourcesBuildPhase section */
		4737A8DC2BD4CA3B003D23BA /* Sources */ = {
			isa = PBXSourcesBuildPhase;
			buildActionMask = 2147483647;
			files = (
				47466BA12BE7E18700C3CC6B /* AllCollectionsCollectionViewCell.swift in Sources */,
				471E175D2BFCF98A008ECF5C /* ResultCollectionViewCell.swift in Sources */,
				47ADCD122BEB3CC200DED866 /* FavouritesCollectionViewCell.swift in Sources */,
				471E17612BFD5D9D008ECF5C /* PhotocardListingsTableViewCell.swift in Sources */,
				4772BB0D2BE4F47300C4E6A8 /* AllMembersTableViewController.swift in Sources */,
				47BEC2DE2C12FDDC001AFDA5 /* AddListingAddImageCollectionViewCell.swift in Sources */,
				4772BB072BE4F3E700C4E6A8 /* SelectAlbumDelegate.swift in Sources */,
				47466B9D2BE7A0F000C3CC6B /* AllCollectionsCollectionViewController.swift in Sources */,
				4737A90A2BD4EF18003D23BA /* FirebaseController.swift in Sources */,
				47CEB4202BF92CE300EF6E28 /* DataModel.xcdatamodeld in Sources */,
				47B416BF2BF62B5600F9978B /* UserViewController.swift in Sources */,
				4733127C2BD9233E00BB9070 /* SettingsTableViewController.swift in Sources */,
				473CDD8F2BDE872700E6F7BD /* FindPhotocardViewController.swift in Sources */,
				4743DEE52BD7CF83000B3E45 /* LogInViewController.swift in Sources */,
				47C2A26F2C022085007B1481 /* FooterCollectionReusableView.swift in Sources */,
				47ADCD0C2BEB3BC200DED866 /* FavouritesCollectionViewController.swift in Sources */,
				4712D2FD2BF4236C00408157 /* ComebackData.swift in Sources */,
				47D4A9A32C0D8BD500863C4D /* ListingInfoTableViewCell.swift in Sources */,
				47AF19DB2BF26B8E00EC6879 /* SetHeaderButtonActionDelegate.swift in Sources */,
				4724D7AD2BE183890021647C /* MyCollectionViewController.swift in Sources */,
				47955ABA2BDBCB440048F38F /* Album.swift in Sources */,
				4772BB0B2BE4F46500C4E6A8 /* AllAlbumsTableViewController.swift in Sources */,
				4737A8E42BD4CA3B003D23BA /* AppDelegate.swift in Sources */,
				4712D2FF2BF4289400408157 /* ComebacksTableViewController.swift in Sources */,
				47686DAA2C146F6B0051D8BD /* AboutViewController.swift in Sources */,
				47CACB482BFE68D800B3DC53 /* SearchData+CoreDataClass.swift in Sources */,
				47CACB492BFE68D800B3DC53 /* SearchData+CoreDataProperties.swift in Sources */,
				4737A9012BD4D553003D23BA /* Idol.swift in Sources */,
				47955AB82BDBC5DB0048F38F /* WishlistCollectionViewCell.swift in Sources */,
				47D4A9A52C0DC15300863C4D /* ListingImagesTableViewCell.swift in Sources */,
				47ADCD102BEB3CB300DED866 /* AddToWishlistCollectionViewCell.swift in Sources */,
				4737A9042BD4D600003D23BA /* Artist.swift in Sources */,
				47AA1CE92BE3A60A00E312A9 /* AllArtistsTableViewController.swift in Sources */,
				473CDD8D2BDE7B9700E6F7BD /* MyCollectionCollectionViewCell.swift in Sources */,
				471E17572BFC9428008ECF5C /* MarketResultsTableViewController.swift in Sources */,
				4737A90F2BD4EFDA003D23BA /* DatabaseController.swift in Sources */,
				47BEC2E22C145950001AFDA5 /* MarketPhotocardsCollectionViewCell.swift in Sources */,
				4737A9062BD4DF00003D23BA /* Photocard.swift in Sources */,
				47CEB4262BF9F5A800EF6E28 /* UserTableViewCell.swift in Sources */,
				4733127E2BDA504300BB9070 /* SignUpViewController.swift in Sources */,
				47DE26E52BDCCC00008D3D4E /* DetailsViewController.swift in Sources */,
				47C2A26D2C01F8EB007B1481 /* AddListingImageCollectionViewCell.swift in Sources */,
				4737A9112BD4FCA9003D23BA /* MulticastDelegate.swift in Sources */,
				47B079822BD8DA7200E79EB4 /* MenuTableViewController.swift in Sources */,
				4772BB052BE4F12900C4E6A8 /* SelectArtistDelegate.swift in Sources */,
				471E17532BFBF177008ECF5C /* MarketViewController.swift in Sources */,
				47686DA82C14681D0051D8BD /* MarketPhotocardsHeaderCollectionReusableView.swift in Sources */,
				470CBEE82BE5242A00D0FADD /* AllPhotocardsCollectionViewCell.swift in Sources */,
				4737A8E62BD4CA3B003D23BA /* SceneDelegate.swift in Sources */,
				47955AB62BDBC55C0048F38F /* WishlistCollectionViewController.swift in Sources */,
				47D4A9A12C0D7D7900863C4D /* ListingDetailsTableViewCell.swift in Sources */,
				471E175B2BFCF974008ECF5C /* ResultCollectionViewController.swift in Sources */,
				4772BB092BE4F3F500C4E6A8 /* SelectMemberDelegate.swift in Sources */,
				47FCB2DF2BFA6B4400D8FE7E /* Listing.swift in Sources */,
				47D4A99F2C0D7CBF00863C4D /* PhotocardListingDetailsTableViewController.swift in Sources */,
				47FA17E42BF51CE50000C992 /* ComebackTableViewCell.swift in Sources */,
				47C2A26B2C010019007B1481 /* AddListingViewController.swift in Sources */,
				470CBEE42BE51E5800D0FADD /* AllPhotocardsCollectionViewController.swift in Sources */,
				471E175F2BFD5D72008ECF5C /* PhotocardListingsViewController.swift in Sources */,
				47B416C32BF636C800F9978B /* NameTableViewCell.swift in Sources */,
				47ADCD0E2BEB3BE100DED866 /* AddToWishlistCollectionViewController.swift in Sources */,
				4743DEE12BD79B22000B3E45 /* User.swift in Sources */,
				47466B9B2BE7867B00C3CC6B /* HeaderCollectionReusableView.swift in Sources */,
				47B079802BD8D28400E79EB4 /* UIViewController+displayMessage.swift in Sources */,
			);
			runOnlyForDeploymentPostprocessing = 0;
		};
/* End PBXSourcesBuildPhase section */

/* Begin PBXVariantGroup section */
		4737A8E92BD4CA3B003D23BA /* Main.storyboard */ = {
			isa = PBXVariantGroup;
			children = (
				4737A8EA2BD4CA3B003D23BA /* Base */,
			);
			name = Main.storyboard;
			sourceTree = "<group>";
		};
		4737A8EE2BD4CA3C003D23BA /* LaunchScreen.storyboard */ = {
			isa = PBXVariantGroup;
			children = (
				4737A8EF2BD4CA3C003D23BA /* Base */,
			);
			name = LaunchScreen.storyboard;
			sourceTree = "<group>";
		};
/* End PBXVariantGroup section */

/* Begin XCBuildConfiguration section */
		4737A8F22BD4CA3C003D23BA /* Debug */ = {
			isa = XCBuildConfiguration;
			buildSettings = {
				ALWAYS_SEARCH_USER_PATHS = NO;
				ASSETCATALOG_COMPILER_GENERATE_SWIFT_ASSET_SYMBOL_EXTENSIONS = YES;
				CLANG_ANALYZER_NONNULL = YES;
				CLANG_ANALYZER_NUMBER_OBJECT_CONVERSION = YES_AGGRESSIVE;
				CLANG_CXX_LANGUAGE_STANDARD = "gnu++20";
				CLANG_ENABLE_MODULES = YES;
				CLANG_ENABLE_OBJC_ARC = YES;
				CLANG_ENABLE_OBJC_WEAK = YES;
				CLANG_WARN_BLOCK_CAPTURE_AUTORELEASING = YES;
				CLANG_WARN_BOOL_CONVERSION = YES;
				CLANG_WARN_COMMA = YES;
				CLANG_WARN_CONSTANT_CONVERSION = YES;
				CLANG_WARN_DEPRECATED_OBJC_IMPLEMENTATIONS = YES;
				CLANG_WARN_DIRECT_OBJC_ISA_USAGE = YES_ERROR;
				CLANG_WARN_DOCUMENTATION_COMMENTS = YES;
				CLANG_WARN_EMPTY_BODY = YES;
				CLANG_WARN_ENUM_CONVERSION = YES;
				CLANG_WARN_INFINITE_RECURSION = YES;
				CLANG_WARN_INT_CONVERSION = YES;
				CLANG_WARN_NON_LITERAL_NULL_CONVERSION = YES;
				CLANG_WARN_OBJC_IMPLICIT_RETAIN_SELF = YES;
				CLANG_WARN_OBJC_LITERAL_CONVERSION = YES;
				CLANG_WARN_OBJC_ROOT_CLASS = YES_ERROR;
				CLANG_WARN_QUOTED_INCLUDE_IN_FRAMEWORK_HEADER = YES;
				CLANG_WARN_RANGE_LOOP_ANALYSIS = YES;
				CLANG_WARN_STRICT_PROTOTYPES = YES;
				CLANG_WARN_SUSPICIOUS_MOVE = YES;
				CLANG_WARN_UNGUARDED_AVAILABILITY = YES_AGGRESSIVE;
				CLANG_WARN_UNREACHABLE_CODE = YES;
				CLANG_WARN__DUPLICATE_METHOD_MATCH = YES;
				COPY_PHASE_STRIP = NO;
				DEBUG_INFORMATION_FORMAT = dwarf;
				ENABLE_STRICT_OBJC_MSGSEND = YES;
				ENABLE_TESTABILITY = YES;
				ENABLE_USER_SCRIPT_SANDBOXING = YES;
				GCC_C_LANGUAGE_STANDARD = gnu17;
				GCC_DYNAMIC_NO_PIC = NO;
				GCC_NO_COMMON_BLOCKS = YES;
				GCC_OPTIMIZATION_LEVEL = 0;
				GCC_PREPROCESSOR_DEFINITIONS = (
					"DEBUG=1",
					"$(inherited)",
				);
				GCC_WARN_64_TO_32_BIT_CONVERSION = YES;
				GCC_WARN_ABOUT_RETURN_TYPE = YES_ERROR;
				GCC_WARN_UNDECLARED_SELECTOR = YES;
				GCC_WARN_UNINITIALIZED_AUTOS = YES_AGGRESSIVE;
				GCC_WARN_UNUSED_FUNCTION = YES;
				GCC_WARN_UNUSED_VARIABLE = YES;
				IPHONEOS_DEPLOYMENT_TARGET = 17.4;
				LOCALIZATION_PREFERS_STRING_CATALOGS = YES;
				MTL_ENABLE_DEBUG_INFO = INCLUDE_SOURCE;
				MTL_FAST_MATH = YES;
				ONLY_ACTIVE_ARCH = YES;
				SDKROOT = iphoneos;
				SWIFT_ACTIVE_COMPILATION_CONDITIONS = "DEBUG $(inherited)";
				SWIFT_OPTIMIZATION_LEVEL = "-Onone";
			};
			name = Debug;
		};
		4737A8F32BD4CA3C003D23BA /* Release */ = {
			isa = XCBuildConfiguration;
			buildSettings = {
				ALWAYS_SEARCH_USER_PATHS = NO;
				ASSETCATALOG_COMPILER_GENERATE_SWIFT_ASSET_SYMBOL_EXTENSIONS = YES;
				CLANG_ANALYZER_NONNULL = YES;
				CLANG_ANALYZER_NUMBER_OBJECT_CONVERSION = YES_AGGRESSIVE;
				CLANG_CXX_LANGUAGE_STANDARD = "gnu++20";
				CLANG_ENABLE_MODULES = YES;
				CLANG_ENABLE_OBJC_ARC = YES;
				CLANG_ENABLE_OBJC_WEAK = YES;
				CLANG_WARN_BLOCK_CAPTURE_AUTORELEASING = YES;
				CLANG_WARN_BOOL_CONVERSION = YES;
				CLANG_WARN_COMMA = YES;
				CLANG_WARN_CONSTANT_CONVERSION = YES;
				CLANG_WARN_DEPRECATED_OBJC_IMPLEMENTATIONS = YES;
				CLANG_WARN_DIRECT_OBJC_ISA_USAGE = YES_ERROR;
				CLANG_WARN_DOCUMENTATION_COMMENTS = YES;
				CLANG_WARN_EMPTY_BODY = YES;
				CLANG_WARN_ENUM_CONVERSION = YES;
				CLANG_WARN_INFINITE_RECURSION = YES;
				CLANG_WARN_INT_CONVERSION = YES;
				CLANG_WARN_NON_LITERAL_NULL_CONVERSION = YES;
				CLANG_WARN_OBJC_IMPLICIT_RETAIN_SELF = YES;
				CLANG_WARN_OBJC_LITERAL_CONVERSION = YES;
				CLANG_WARN_OBJC_ROOT_CLASS = YES_ERROR;
				CLANG_WARN_QUOTED_INCLUDE_IN_FRAMEWORK_HEADER = YES;
				CLANG_WARN_RANGE_LOOP_ANALYSIS = YES;
				CLANG_WARN_STRICT_PROTOTYPES = YES;
				CLANG_WARN_SUSPICIOUS_MOVE = YES;
				CLANG_WARN_UNGUARDED_AVAILABILITY = YES_AGGRESSIVE;
				CLANG_WARN_UNREACHABLE_CODE = YES;
				CLANG_WARN__DUPLICATE_METHOD_MATCH = YES;
				COPY_PHASE_STRIP = NO;
				DEBUG_INFORMATION_FORMAT = "dwarf-with-dsym";
				ENABLE_NS_ASSERTIONS = NO;
				ENABLE_STRICT_OBJC_MSGSEND = YES;
				ENABLE_USER_SCRIPT_SANDBOXING = YES;
				GCC_C_LANGUAGE_STANDARD = gnu17;
				GCC_NO_COMMON_BLOCKS = YES;
				GCC_WARN_64_TO_32_BIT_CONVERSION = YES;
				GCC_WARN_ABOUT_RETURN_TYPE = YES_ERROR;
				GCC_WARN_UNDECLARED_SELECTOR = YES;
				GCC_WARN_UNINITIALIZED_AUTOS = YES_AGGRESSIVE;
				GCC_WARN_UNUSED_FUNCTION = YES;
				GCC_WARN_UNUSED_VARIABLE = YES;
				IPHONEOS_DEPLOYMENT_TARGET = 17.4;
				LOCALIZATION_PREFERS_STRING_CATALOGS = YES;
				MTL_ENABLE_DEBUG_INFO = NO;
				MTL_FAST_MATH = YES;
				SDKROOT = iphoneos;
				SWIFT_COMPILATION_MODE = wholemodule;
				VALIDATE_PRODUCT = YES;
			};
			name = Release;
		};
		4737A8F52BD4CA3C003D23BA /* Debug */ = {
			isa = XCBuildConfiguration;
			buildSettings = {
				ASSETCATALOG_COMPILER_APPICON_NAME = AppIcon;
				ASSETCATALOG_COMPILER_GLOBAL_ACCENT_COLOR_NAME = AccentColor;
				CODE_SIGN_STYLE = Automatic;
				CURRENT_PROJECT_VERSION = 1;
				DEVELOPMENT_TEAM = 5YF5JS4FH6;
				GENERATE_INFOPLIST_FILE = YES;
				INFOPLIST_FILE = "Kollect-App/Info.plist";
				INFOPLIST_KEY_NSCameraUsageDescription = "This application requires the camera to take photos for storage in the application";
				INFOPLIST_KEY_NSPhotoLibraryUsageDescription = "This application requires the use of the photo library to get photos on the simulator";
				INFOPLIST_KEY_UIApplicationSupportsIndirectInputEvents = YES;
				INFOPLIST_KEY_UILaunchStoryboardName = LaunchScreen;
				INFOPLIST_KEY_UIMainStoryboardFile = Main;
				INFOPLIST_KEY_UIStatusBarStyle = "";
				INFOPLIST_KEY_UISupportedInterfaceOrientations = UIInterfaceOrientationPortrait;
				INFOPLIST_KEY_UISupportedInterfaceOrientations_iPad = "UIInterfaceOrientationLandscapeLeft UIInterfaceOrientationLandscapeRight UIInterfaceOrientationPortrait UIInterfaceOrientationPortraitUpsideDown";
				LD_RUNPATH_SEARCH_PATHS = (
					"$(inherited)",
					"@executable_path/Frameworks",
				);
				MARKETING_VERSION = 1.0;
				PRODUCT_BUNDLE_IDENTIFIER = "edu.monash.Kollect-App";
				PRODUCT_NAME = "$(TARGET_NAME)";
				SWIFT_EMIT_LOC_STRINGS = YES;
				SWIFT_VERSION = 5.0;
				TARGETED_DEVICE_FAMILY = "1,2";
			};
			name = Debug;
		};
		4737A8F62BD4CA3C003D23BA /* Release */ = {
			isa = XCBuildConfiguration;
			buildSettings = {
				ASSETCATALOG_COMPILER_APPICON_NAME = AppIcon;
				ASSETCATALOG_COMPILER_GLOBAL_ACCENT_COLOR_NAME = AccentColor;
				CODE_SIGN_STYLE = Automatic;
				CURRENT_PROJECT_VERSION = 1;
				DEVELOPMENT_TEAM = 5YF5JS4FH6;
				GENERATE_INFOPLIST_FILE = YES;
				INFOPLIST_FILE = "Kollect-App/Info.plist";
				INFOPLIST_KEY_NSCameraUsageDescription = "This application requires the camera to take photos for storage in the application";
				INFOPLIST_KEY_NSPhotoLibraryUsageDescription = "This application requires the use of the photo library to get photos on the simulator";
				INFOPLIST_KEY_UIApplicationSupportsIndirectInputEvents = YES;
				INFOPLIST_KEY_UILaunchStoryboardName = LaunchScreen;
				INFOPLIST_KEY_UIMainStoryboardFile = Main;
				INFOPLIST_KEY_UIStatusBarStyle = "";
				INFOPLIST_KEY_UISupportedInterfaceOrientations = UIInterfaceOrientationPortrait;
				INFOPLIST_KEY_UISupportedInterfaceOrientations_iPad = "UIInterfaceOrientationLandscapeLeft UIInterfaceOrientationLandscapeRight UIInterfaceOrientationPortrait UIInterfaceOrientationPortraitUpsideDown";
				LD_RUNPATH_SEARCH_PATHS = (
					"$(inherited)",
					"@executable_path/Frameworks",
				);
				MARKETING_VERSION = 1.0;
				PRODUCT_BUNDLE_IDENTIFIER = "edu.monash.Kollect-App";
				PRODUCT_NAME = "$(TARGET_NAME)";
				SWIFT_EMIT_LOC_STRINGS = YES;
				SWIFT_VERSION = 5.0;
				TARGETED_DEVICE_FAMILY = "1,2";
			};
			name = Release;
		};
/* End XCBuildConfiguration section */

/* Begin XCConfigurationList section */
		4737A8DB2BD4CA3B003D23BA /* Build configuration list for PBXProject "Kollect-App" */ = {
			isa = XCConfigurationList;
			buildConfigurations = (
				4737A8F22BD4CA3C003D23BA /* Debug */,
				4737A8F32BD4CA3C003D23BA /* Release */,
			);
			defaultConfigurationIsVisible = 0;
			defaultConfigurationName = Release;
		};
		4737A8F42BD4CA3C003D23BA /* Build configuration list for PBXNativeTarget "Kollect-App" */ = {
			isa = XCConfigurationList;
			buildConfigurations = (
				4737A8F52BD4CA3C003D23BA /* Debug */,
				4737A8F62BD4CA3C003D23BA /* Release */,
			);
			defaultConfigurationIsVisible = 0;
			defaultConfigurationName = Release;
		};
/* End XCConfigurationList section */

/* Begin XCRemoteSwiftPackageReference section */
		4737A8F72BD4CF3F003D23BA /* XCRemoteSwiftPackageReference "firebase-ios-sdk" */ = {
			isa = XCRemoteSwiftPackageReference;
			repositoryURL = "https://github.com/firebase/firebase-ios-sdk.git";
			requirement = {
				kind = upToNextMajorVersion;
				minimumVersion = 10.24.0;
			};
		};
/* End XCRemoteSwiftPackageReference section */

/* Begin XCSwiftPackageProductDependency section */
		472D6D3A2C0ED89200AA175B /* FirebaseStorage */ = {
			isa = XCSwiftPackageProductDependency;
			package = 4737A8F72BD4CF3F003D23BA /* XCRemoteSwiftPackageReference "firebase-ios-sdk" */;
			productName = FirebaseStorage;
		};
		4737A8F82BD4CF3F003D23BA /* FirebaseAuth */ = {
			isa = XCSwiftPackageProductDependency;
			package = 4737A8F72BD4CF3F003D23BA /* XCRemoteSwiftPackageReference "firebase-ios-sdk" */;
			productName = FirebaseAuth;
		};
		4737A8FA2BD4CF3F003D23BA /* FirebaseFirestore */ = {
			isa = XCSwiftPackageProductDependency;
			package = 4737A8F72BD4CF3F003D23BA /* XCRemoteSwiftPackageReference "firebase-ios-sdk" */;
			productName = FirebaseFirestore;
		};
		4737A8FC2BD4CF3F003D23BA /* FirebaseFirestoreSwift */ = {
			isa = XCSwiftPackageProductDependency;
			package = 4737A8F72BD4CF3F003D23BA /* XCRemoteSwiftPackageReference "firebase-ios-sdk" */;
			productName = FirebaseFirestoreSwift;
		};
/* End XCSwiftPackageProductDependency section */

/* Begin XCVersionGroup section */
		47CEB41E2BF92CE300EF6E28 /* DataModel.xcdatamodeld */ = {
			isa = XCVersionGroup;
			children = (
				47CEB41F2BF92CE300EF6E28 /* UserImageModel.xcdatamodel */,
			);
			currentVersion = 47CEB41F2BF92CE300EF6E28 /* UserImageModel.xcdatamodel */;
			path = DataModel.xcdatamodeld;
			sourceTree = "<group>";
			versionGroupType = wrapper.xcdatamodel;
		};
/* End XCVersionGroup section */
	};
	rootObject = 4737A8D82BD4CA3B003D23BA /* Project object */;
}
