// !$*UTF8*$!
{
	archiveVersion = 1;
	classes = {
	};
	objectVersion = 56;
	objects = {

/* Begin PBXBuildFile section */
		470CBEE42BE51E5800D0FADD /* AllPhotocardsCollectionViewController.swift in Sources */ = {isa = PBXBuildFile; fileRef = 470CBEE32BE51E5800D0FADD /* AllPhotocardsCollectionViewController.swift */; };
		470CBEE82BE5242A00D0FADD /* AllPhotocardsCollectionViewCell.swift in Sources */ = {isa = PBXBuildFile; fileRef = 470CBEE72BE5242A00D0FADD /* AllPhotocardsCollectionViewCell.swift */; };
		4724D7AD2BE183890021647C /* MyCollectionViewController.swift in Sources */ = {isa = PBXBuildFile; fileRef = 4724D7AC2BE183890021647C /* MyCollectionViewController.swift */; };
		4733127C2BD9233E00BB9070 /* SettingsTableViewController.swift in Sources */ = {isa = PBXBuildFile; fileRef = 4733127B2BD9233E00BB9070 /* SettingsTableViewController.swift */; };
		4733127E2BDA504300BB9070 /* SignUpViewController.swift in Sources */ = {isa = PBXBuildFile; fileRef = 4733127D2BDA504200BB9070 /* SignUpViewController.swift */; };
		4737A8E42BD4CA3B003D23BA /* AppDelegate.swift in Sources */ = {isa = PBXBuildFile; fileRef = 4737A8E32BD4CA3B003D23BA /* AppDelegate.swift */; };
		4737A8E62BD4CA3B003D23BA /* SceneDelegate.swift in Sources */ = {isa = PBXBuildFile; fileRef = 4737A8E52BD4CA3B003D23BA /* SceneDelegate.swift */; };
		4737A8EB2BD4CA3B003D23BA /* Base in Resources */ = {isa = PBXBuildFile; fileRef = 4737A8EA2BD4CA3B003D23BA /* Base */; };
		4737A8ED2BD4CA3C003D23BA /* Assets.xcassets in Resources */ = {isa = PBXBuildFile; fileRef = 4737A8EC2BD4CA3C003D23BA /* Assets.xcassets */; };
		4737A8F02BD4CA3C003D23BA /* Base in Resources */ = {isa = PBXBuildFile; fileRef = 4737A8EF2BD4CA3C003D23BA /* Base */; };
		4737A8F92BD4CF3F003D23BA /* FirebaseAuth in Frameworks */ = {isa = PBXBuildFile; productRef = 4737A8F82BD4CF3F003D23BA /* FirebaseAuth */; };
		4737A8FB2BD4CF3F003D23BA /* FirebaseFirestore in Frameworks */ = {isa = PBXBuildFile; productRef = 4737A8FA2BD4CF3F003D23BA /* FirebaseFirestore */; };
		4737A8FD2BD4CF3F003D23BA /* FirebaseFirestoreSwift in Frameworks */ = {isa = PBXBuildFile; productRef = 4737A8FC2BD4CF3F003D23BA /* FirebaseFirestoreSwift */; };
		4737A8FF2BD4D395003D23BA /* GoogleService-Info.plist in Resources */ = {isa = PBXBuildFile; fileRef = 4737A8FE2BD4D395003D23BA /* GoogleService-Info.plist */; };
		4737A9012BD4D553003D23BA /* Idol.swift in Sources */ = {isa = PBXBuildFile; fileRef = 4737A9002BD4D553003D23BA /* Idol.swift */; };
		4737A9042BD4D600003D23BA /* Artist.swift in Sources */ = {isa = PBXBuildFile; fileRef = 4737A9032BD4D600003D23BA /* Artist.swift */; };
		4737A9062BD4DF00003D23BA /* Photocard.swift in Sources */ = {isa = PBXBuildFile; fileRef = 4737A9052BD4DF00003D23BA /* Photocard.swift */; };
		4737A90A2BD4EF18003D23BA /* FirebaseController.swift in Sources */ = {isa = PBXBuildFile; fileRef = 4737A9092BD4EF18003D23BA /* FirebaseController.swift */; };
		4737A90F2BD4EFDA003D23BA /* DatabaseController.swift in Sources */ = {isa = PBXBuildFile; fileRef = 4737A90E2BD4EFDA003D23BA /* DatabaseController.swift */; };
		4737A9112BD4FCA9003D23BA /* MulticastDelegate.swift in Sources */ = {isa = PBXBuildFile; fileRef = 4737A9102BD4FCA9003D23BA /* MulticastDelegate.swift */; };
		473CDD8D2BDE7B9700E6F7BD /* MyCollectionCollectionViewCell.swift in Sources */ = {isa = PBXBuildFile; fileRef = 473CDD8C2BDE7B9700E6F7BD /* MyCollectionCollectionViewCell.swift */; };
		473CDD8F2BDE872700E6F7BD /* FindPhotocardViewController.swift in Sources */ = {isa = PBXBuildFile; fileRef = 473CDD8E2BDE872700E6F7BD /* FindPhotocardViewController.swift */; };
		4743DEE12BD79B22000B3E45 /* User.swift in Sources */ = {isa = PBXBuildFile; fileRef = 4743DEE02BD79B22000B3E45 /* User.swift */; };
		4743DEE52BD7CF83000B3E45 /* LogInViewController.swift in Sources */ = {isa = PBXBuildFile; fileRef = 4743DEE42BD7CF83000B3E45 /* LogInViewController.swift */; };
		4772BB052BE4F12900C4E6A8 /* SelectArtistDelegate.swift in Sources */ = {isa = PBXBuildFile; fileRef = 4772BB042BE4F12900C4E6A8 /* SelectArtistDelegate.swift */; };
		4772BB072BE4F3E700C4E6A8 /* SelectAlbumDelegate.swift in Sources */ = {isa = PBXBuildFile; fileRef = 4772BB062BE4F3E700C4E6A8 /* SelectAlbumDelegate.swift */; };
		4772BB092BE4F3F500C4E6A8 /* SelectMemberDelegate.swift in Sources */ = {isa = PBXBuildFile; fileRef = 4772BB082BE4F3F500C4E6A8 /* SelectMemberDelegate.swift */; };
		4772BB0B2BE4F46500C4E6A8 /* AllAlbumsTableViewController.swift in Sources */ = {isa = PBXBuildFile; fileRef = 4772BB0A2BE4F46500C4E6A8 /* AllAlbumsTableViewController.swift */; };
		4772BB0D2BE4F47300C4E6A8 /* AllMembersTableViewController.swift in Sources */ = {isa = PBXBuildFile; fileRef = 4772BB0C2BE4F47300C4E6A8 /* AllMembersTableViewController.swift */; };
		47955AB62BDBC55C0048F38F /* WishlistCollectionViewController.swift in Sources */ = {isa = PBXBuildFile; fileRef = 47955AB52BDBC55C0048F38F /* WishlistCollectionViewController.swift */; };
		47955AB82BDBC5DB0048F38F /* PhotocardCollectionViewCell.swift in Sources */ = {isa = PBXBuildFile; fileRef = 47955AB72BDBC5DB0048F38F /* PhotocardCollectionViewCell.swift */; };
		47955ABA2BDBCB440048F38F /* Album.swift in Sources */ = {isa = PBXBuildFile; fileRef = 47955AB92BDBCB440048F38F /* Album.swift */; };
		47AA1CE92BE3A60A00E312A9 /* AllArtistsTableViewController.swift in Sources */ = {isa = PBXBuildFile; fileRef = 47AA1CE82BE3A60A00E312A9 /* AllArtistsTableViewController.swift */; };
		47B079802BD8D28400E79EB4 /* UIViewController+displayMessage.swift in Sources */ = {isa = PBXBuildFile; fileRef = 47B0797F2BD8D28400E79EB4 /* UIViewController+displayMessage.swift */; };
		47B079822BD8DA7200E79EB4 /* MenuTableViewController.swift in Sources */ = {isa = PBXBuildFile; fileRef = 47B079812BD8DA7200E79EB4 /* MenuTableViewController.swift */; };
		47DE26E52BDCCC00008D3D4E /* DetailsViewController.swift in Sources */ = {isa = PBXBuildFile; fileRef = 47DE26E42BDCCC00008D3D4E /* DetailsViewController.swift */; };
/* End PBXBuildFile section */

/* Begin PBXFileReference section */
		470CBEE32BE51E5800D0FADD /* AllPhotocardsCollectionViewController.swift */ = {isa = PBXFileReference; lastKnownFileType = sourcecode.swift; path = AllPhotocardsCollectionViewController.swift; sourceTree = "<group>"; };
		470CBEE72BE5242A00D0FADD /* AllPhotocardsCollectionViewCell.swift */ = {isa = PBXFileReference; lastKnownFileType = sourcecode.swift; path = AllPhotocardsCollectionViewCell.swift; sourceTree = "<group>"; };
		4724D7AC2BE183890021647C /* MyCollectionViewController.swift */ = {isa = PBXFileReference; lastKnownFileType = sourcecode.swift; path = MyCollectionViewController.swift; sourceTree = "<group>"; };
		4733127B2BD9233E00BB9070 /* SettingsTableViewController.swift */ = {isa = PBXFileReference; lastKnownFileType = sourcecode.swift; path = SettingsTableViewController.swift; sourceTree = "<group>"; };
		4733127D2BDA504200BB9070 /* SignUpViewController.swift */ = {isa = PBXFileReference; lastKnownFileType = sourcecode.swift; path = SignUpViewController.swift; sourceTree = "<group>"; };
		4737A8E02BD4CA3B003D23BA /* Kollect-App.app */ = {isa = PBXFileReference; explicitFileType = wrapper.application; includeInIndex = 0; path = "Kollect-App.app"; sourceTree = BUILT_PRODUCTS_DIR; };
		4737A8E32BD4CA3B003D23BA /* AppDelegate.swift */ = {isa = PBXFileReference; lastKnownFileType = sourcecode.swift; path = AppDelegate.swift; sourceTree = "<group>"; };
		4737A8E52BD4CA3B003D23BA /* SceneDelegate.swift */ = {isa = PBXFileReference; lastKnownFileType = sourcecode.swift; path = SceneDelegate.swift; sourceTree = "<group>"; };
		4737A8EA2BD4CA3B003D23BA /* Base */ = {isa = PBXFileReference; lastKnownFileType = file.storyboard; name = Base; path = Base.lproj/Main.storyboard; sourceTree = "<group>"; };
		4737A8EC2BD4CA3C003D23BA /* Assets.xcassets */ = {isa = PBXFileReference; lastKnownFileType = folder.assetcatalog; path = Assets.xcassets; sourceTree = "<group>"; };
		4737A8EF2BD4CA3C003D23BA /* Base */ = {isa = PBXFileReference; lastKnownFileType = file.storyboard; name = Base; path = Base.lproj/LaunchScreen.storyboard; sourceTree = "<group>"; };
		4737A8F12BD4CA3C003D23BA /* Info.plist */ = {isa = PBXFileReference; lastKnownFileType = text.plist.xml; path = Info.plist; sourceTree = "<group>"; };
		4737A8FE2BD4D395003D23BA /* GoogleService-Info.plist */ = {isa = PBXFileReference; fileEncoding = 4; lastKnownFileType = text.plist.xml; path = "GoogleService-Info.plist"; sourceTree = "<group>"; };
		4737A9002BD4D553003D23BA /* Idol.swift */ = {isa = PBXFileReference; lastKnownFileType = sourcecode.swift; path = Idol.swift; sourceTree = "<group>"; };
		4737A9032BD4D600003D23BA /* Artist.swift */ = {isa = PBXFileReference; lastKnownFileType = sourcecode.swift; path = Artist.swift; sourceTree = "<group>"; };
		4737A9052BD4DF00003D23BA /* Photocard.swift */ = {isa = PBXFileReference; lastKnownFileType = sourcecode.swift; path = Photocard.swift; sourceTree = "<group>"; };
		4737A9092BD4EF18003D23BA /* FirebaseController.swift */ = {isa = PBXFileReference; lastKnownFileType = sourcecode.swift; path = FirebaseController.swift; sourceTree = "<group>"; };
		4737A90E2BD4EFDA003D23BA /* DatabaseController.swift */ = {isa = PBXFileReference; lastKnownFileType = sourcecode.swift; path = DatabaseController.swift; sourceTree = "<group>"; };
		4737A9102BD4FCA9003D23BA /* MulticastDelegate.swift */ = {isa = PBXFileReference; fileEncoding = 4; lastKnownFileType = sourcecode.swift; path = MulticastDelegate.swift; sourceTree = "<group>"; };
		473CDD8C2BDE7B9700E6F7BD /* MyCollectionCollectionViewCell.swift */ = {isa = PBXFileReference; lastKnownFileType = sourcecode.swift; path = MyCollectionCollectionViewCell.swift; sourceTree = "<group>"; };
		473CDD8E2BDE872700E6F7BD /* FindPhotocardViewController.swift */ = {isa = PBXFileReference; lastKnownFileType = sourcecode.swift; path = FindPhotocardViewController.swift; sourceTree = "<group>"; };
		4743DEE02BD79B22000B3E45 /* User.swift */ = {isa = PBXFileReference; lastKnownFileType = sourcecode.swift; path = User.swift; sourceTree = "<group>"; };
		4743DEE42BD7CF83000B3E45 /* LogInViewController.swift */ = {isa = PBXFileReference; lastKnownFileType = sourcecode.swift; path = LogInViewController.swift; sourceTree = "<group>"; };
		4772BB042BE4F12900C4E6A8 /* SelectArtistDelegate.swift */ = {isa = PBXFileReference; lastKnownFileType = sourcecode.swift; path = SelectArtistDelegate.swift; sourceTree = "<group>"; };
		4772BB062BE4F3E700C4E6A8 /* SelectAlbumDelegate.swift */ = {isa = PBXFileReference; lastKnownFileType = sourcecode.swift; path = SelectAlbumDelegate.swift; sourceTree = "<group>"; };
		4772BB082BE4F3F500C4E6A8 /* SelectMemberDelegate.swift */ = {isa = PBXFileReference; lastKnownFileType = sourcecode.swift; path = SelectMemberDelegate.swift; sourceTree = "<group>"; };
		4772BB0A2BE4F46500C4E6A8 /* AllAlbumsTableViewController.swift */ = {isa = PBXFileReference; lastKnownFileType = sourcecode.swift; path = AllAlbumsTableViewController.swift; sourceTree = "<group>"; };
		4772BB0C2BE4F47300C4E6A8 /* AllMembersTableViewController.swift */ = {isa = PBXFileReference; lastKnownFileType = sourcecode.swift; path = AllMembersTableViewController.swift; sourceTree = "<group>"; };
		47955AB52BDBC55C0048F38F /* WishlistCollectionViewController.swift */ = {isa = PBXFileReference; lastKnownFileType = sourcecode.swift; path = WishlistCollectionViewController.swift; sourceTree = "<group>"; };
		47955AB72BDBC5DB0048F38F /* PhotocardCollectionViewCell.swift */ = {isa = PBXFileReference; lastKnownFileType = sourcecode.swift; path = PhotocardCollectionViewCell.swift; sourceTree = "<group>"; };
		47955AB92BDBCB440048F38F /* Album.swift */ = {isa = PBXFileReference; lastKnownFileType = sourcecode.swift; path = Album.swift; sourceTree = "<group>"; };
		47AA1CE82BE3A60A00E312A9 /* AllArtistsTableViewController.swift */ = {isa = PBXFileReference; lastKnownFileType = sourcecode.swift; path = AllArtistsTableViewController.swift; sourceTree = "<group>"; };
		47B0797F2BD8D28400E79EB4 /* UIViewController+displayMessage.swift */ = {isa = PBXFileReference; fileEncoding = 4; lastKnownFileType = sourcecode.swift; path = "UIViewController+displayMessage.swift"; sourceTree = "<group>"; };
		47B079812BD8DA7200E79EB4 /* MenuTableViewController.swift */ = {isa = PBXFileReference; lastKnownFileType = sourcecode.swift; path = MenuTableViewController.swift; sourceTree = "<group>"; };
		47DE26E42BDCCC00008D3D4E /* DetailsViewController.swift */ = {isa = PBXFileReference; lastKnownFileType = sourcecode.swift; path = DetailsViewController.swift; sourceTree = "<group>"; };
/* End PBXFileReference section */

/* Begin PBXFrameworksBuildPhase section */
		4737A8DD2BD4CA3B003D23BA /* Frameworks */ = {
			isa = PBXFrameworksBuildPhase;
			buildActionMask = 2147483647;
			files = (
				4737A8F92BD4CF3F003D23BA /* FirebaseAuth in Frameworks */,
				4737A8FB2BD4CF3F003D23BA /* FirebaseFirestore in Frameworks */,
				4737A8FD2BD4CF3F003D23BA /* FirebaseFirestoreSwift in Frameworks */,
			);
			runOnlyForDeploymentPostprocessing = 0;
		};
/* End PBXFrameworksBuildPhase section */

/* Begin PBXGroup section */
		4737A8D72BD4CA3B003D23BA = {
			isa = PBXGroup;
			children = (
				4737A8E22BD4CA3B003D23BA /* Kollect-App */,
				4737A8E12BD4CA3B003D23BA /* Products */,
			);
			sourceTree = "<group>";
		};
		4737A8E12BD4CA3B003D23BA /* Products */ = {
			isa = PBXGroup;
			children = (
				4737A8E02BD4CA3B003D23BA /* Kollect-App.app */,
			);
			name = Products;
			sourceTree = "<group>";
		};
		4737A8E22BD4CA3B003D23BA /* Kollect-App */ = {
			isa = PBXGroup;
			children = (
				4743DEE32BD7CF5A000B3E45 /* Database */,
				4737A9022BD4D5E3003D23BA /* Model */,
				4737A90B2BD4EF21003D23BA /* Controller */,
				4737A8E32BD4CA3B003D23BA /* AppDelegate.swift */,
				4737A8E52BD4CA3B003D23BA /* SceneDelegate.swift */,
				4737A8E92BD4CA3B003D23BA /* Main.storyboard */,
				4737A8EC2BD4CA3C003D23BA /* Assets.xcassets */,
				4737A8EE2BD4CA3C003D23BA /* LaunchScreen.storyboard */,
				4737A8F12BD4CA3C003D23BA /* Info.plist */,
				4737A8FE2BD4D395003D23BA /* GoogleService-Info.plist */,
				4724D7AC2BE183890021647C /* MyCollectionViewController.swift */,
				4772BB042BE4F12900C4E6A8 /* SelectArtistDelegate.swift */,
				4772BB062BE4F3E700C4E6A8 /* SelectAlbumDelegate.swift */,
				4772BB082BE4F3F500C4E6A8 /* SelectMemberDelegate.swift */,
			);
			path = "Kollect-App";
			sourceTree = "<group>";
		};
		4737A9022BD4D5E3003D23BA /* Model */ = {
			isa = PBXGroup;
			children = (
				4737A9002BD4D553003D23BA /* Idol.swift */,
				4737A9032BD4D600003D23BA /* Artist.swift */,
				4737A9052BD4DF00003D23BA /* Photocard.swift */,
				4743DEE02BD79B22000B3E45 /* User.swift */,
				47955AB92BDBCB440048F38F /* Album.swift */,
			);
			path = Model;
			sourceTree = "<group>";
		};
		4737A90B2BD4EF21003D23BA /* Controller */ = {
			isa = PBXGroup;
			children = (
				473CDD902BDE873A00E6F7BD /* Home */,
				473CDD912BDE874300E6F7BD /* Collection */,
				473CDD922BDE875200E6F7BD /* Market */,
				473CDD932BDE875900E6F7BD /* Trade */,
				473CDD942BDE875F00E6F7BD /* Menu */,
				47B0797F2BD8D28400E79EB4 /* UIViewController+displayMessage.swift */,
				4743DEE42BD7CF83000B3E45 /* LogInViewController.swift */,
				4733127D2BDA504200BB9070 /* SignUpViewController.swift */,
				47B079812BD8DA7200E79EB4 /* MenuTableViewController.swift */,
				4733127B2BD9233E00BB9070 /* SettingsTableViewController.swift */,
				47955AB52BDBC55C0048F38F /* WishlistCollectionViewController.swift */,
				47955AB72BDBC5DB0048F38F /* PhotocardCollectionViewCell.swift */,
				47DE26E42BDCCC00008D3D4E /* DetailsViewController.swift */,
				473CDD8E2BDE872700E6F7BD /* FindPhotocardViewController.swift */,
				473CDD8C2BDE7B9700E6F7BD /* MyCollectionCollectionViewCell.swift */,
			);
			path = Controller;
			sourceTree = "<group>";
		};
		473CDD902BDE873A00E6F7BD /* Home */ = {
			isa = PBXGroup;
			children = (
			);
			path = Home;
			sourceTree = "<group>";
		};
		473CDD912BDE874300E6F7BD /* Collection */ = {
			isa = PBXGroup;
			children = (
				47AA1CE82BE3A60A00E312A9 /* AllArtistsTableViewController.swift */,
				4772BB0A2BE4F46500C4E6A8 /* AllAlbumsTableViewController.swift */,
				4772BB0C2BE4F47300C4E6A8 /* AllMembersTableViewController.swift */,
				470CBEE32BE51E5800D0FADD /* AllPhotocardsCollectionViewController.swift */,
				470CBEE72BE5242A00D0FADD /* AllPhotocardsCollectionViewCell.swift */,
			);
			path = Collection;
			sourceTree = "<group>";
		};
		473CDD922BDE875200E6F7BD /* Market */ = {
			isa = PBXGroup;
			children = (
			);
			path = Market;
			sourceTree = "<group>";
		};
		473CDD932BDE875900E6F7BD /* Trade */ = {
			isa = PBXGroup;
			children = (
			);
			path = Trade;
			sourceTree = "<group>";
		};
		473CDD942BDE875F00E6F7BD /* Menu */ = {
			isa = PBXGroup;
			children = (
			);
			path = Menu;
			sourceTree = "<group>";
		};
		4743DEE32BD7CF5A000B3E45 /* Database */ = {
			isa = PBXGroup;
			children = (
				4737A9102BD4FCA9003D23BA /* MulticastDelegate.swift */,
				4737A9092BD4EF18003D23BA /* FirebaseController.swift */,
				4737A90E2BD4EFDA003D23BA /* DatabaseController.swift */,
			);
			path = Database;
			sourceTree = "<group>";
		};
/* End PBXGroup section */

/* Begin PBXNativeTarget section */
		4737A8DF2BD4CA3B003D23BA /* Kollect-App */ = {
			isa = PBXNativeTarget;
			buildConfigurationList = 4737A8F42BD4CA3C003D23BA /* Build configuration list for PBXNativeTarget "Kollect-App" */;
			buildPhases = (
				4737A8DC2BD4CA3B003D23BA /* Sources */,
				4737A8DD2BD4CA3B003D23BA /* Frameworks */,
				4737A8DE2BD4CA3B003D23BA /* Resources */,
			);
			buildRules = (
			);
			dependencies = (
			);
			name = "Kollect-App";
			packageProductDependencies = (
				4737A8F82BD4CF3F003D23BA /* FirebaseAuth */,
				4737A8FA2BD4CF3F003D23BA /* FirebaseFirestore */,
				4737A8FC2BD4CF3F003D23BA /* FirebaseFirestoreSwift */,
			);
			productName = "Kollect-App";
			productReference = 4737A8E02BD4CA3B003D23BA /* Kollect-App.app */;
			productType = "com.apple.product-type.application";
		};
/* End PBXNativeTarget section */

/* Begin PBXProject section */
		4737A8D82BD4CA3B003D23BA /* Project object */ = {
			isa = PBXProject;
			attributes = {
				BuildIndependentTargetsInParallel = 1;
				LastSwiftUpdateCheck = 1530;
				LastUpgradeCheck = 1530;
				TargetAttributes = {
					4737A8DF2BD4CA3B003D23BA = {
						CreatedOnToolsVersion = 15.3;
					};
				};
			};
			buildConfigurationList = 4737A8DB2BD4CA3B003D23BA /* Build configuration list for PBXProject "Kollect-App" */;
			compatibilityVersion = "Xcode 14.0";
			developmentRegion = en;
			hasScannedForEncodings = 0;
			knownRegions = (
				en,
				Base,
			);
			mainGroup = 4737A8D72BD4CA3B003D23BA;
			packageReferences = (
				4737A8F72BD4CF3F003D23BA /* XCRemoteSwiftPackageReference "firebase-ios-sdk" */,
			);
			productRefGroup = 4737A8E12BD4CA3B003D23BA /* Products */;
			projectDirPath = "";
			projectRoot = "";
			targets = (
				4737A8DF2BD4CA3B003D23BA /* Kollect-App */,
			);
		};
/* End PBXProject section */

/* Begin PBXResourcesBuildPhase section */
		4737A8DE2BD4CA3B003D23BA /* Resources */ = {
			isa = PBXResourcesBuildPhase;
			buildActionMask = 2147483647;
			files = (
				4737A8ED2BD4CA3C003D23BA /* Assets.xcassets in Resources */,
				4737A8FF2BD4D395003D23BA /* GoogleService-Info.plist in Resources */,
				4737A8F02BD4CA3C003D23BA /* Base in Resources */,
				4737A8EB2BD4CA3B003D23BA /* Base in Resources */,
			);
			runOnlyForDeploymentPostprocessing = 0;
		};
/* End PBXResourcesBuildPhase section */

/* Begin PBXSourcesBuildPhase section */
		4737A8DC2BD4CA3B003D23BA /* Sources */ = {
			isa = PBXSourcesBuildPhase;
			buildActionMask = 2147483647;
			files = (
				4772BB0D2BE4F47300C4E6A8 /* AllMembersTableViewController.swift in Sources */,
				4772BB072BE4F3E700C4E6A8 /* SelectAlbumDelegate.swift in Sources */,
				4737A90A2BD4EF18003D23BA /* FirebaseController.swift in Sources */,
				4733127C2BD9233E00BB9070 /* SettingsTableViewController.swift in Sources */,
				473CDD8F2BDE872700E6F7BD /* FindPhotocardViewController.swift in Sources */,
				4743DEE52BD7CF83000B3E45 /* LogInViewController.swift in Sources */,
				4724D7AD2BE183890021647C /* MyCollectionViewController.swift in Sources */,
				47955ABA2BDBCB440048F38F /* Album.swift in Sources */,
				4772BB0B2BE4F46500C4E6A8 /* AllAlbumsTableViewController.swift in Sources */,
				4737A8E42BD4CA3B003D23BA /* AppDelegate.swift in Sources */,
				4737A9012BD4D553003D23BA /* Idol.swift in Sources */,
				47955AB82BDBC5DB0048F38F /* PhotocardCollectionViewCell.swift in Sources */,
				4737A9042BD4D600003D23BA /* Artist.swift in Sources */,
				47AA1CE92BE3A60A00E312A9 /* AllArtistsTableViewController.swift in Sources */,
				473CDD8D2BDE7B9700E6F7BD /* MyCollectionCollectionViewCell.swift in Sources */,
				4737A90F2BD4EFDA003D23BA /* DatabaseController.swift in Sources */,
				4737A9062BD4DF00003D23BA /* Photocard.swift in Sources */,
				4733127E2BDA504300BB9070 /* SignUpViewController.swift in Sources */,
				47DE26E52BDCCC00008D3D4E /* DetailsViewController.swift in Sources */,
				4737A9112BD4FCA9003D23BA /* MulticastDelegate.swift in Sources */,
				47B079822BD8DA7200E79EB4 /* MenuTableViewController.swift in Sources */,
				4772BB052BE4F12900C4E6A8 /* SelectArtistDelegate.swift in Sources */,
				470CBEE82BE5242A00D0FADD /* AllPhotocardsCollectionViewCell.swift in Sources */,
				4737A8E62BD4CA3B003D23BA /* SceneDelegate.swift in Sources */,
				47955AB62BDBC55C0048F38F /* WishlistCollectionViewController.swift in Sources */,
				4772BB092BE4F3F500C4E6A8 /* SelectMemberDelegate.swift in Sources */,
				470CBEE42BE51E5800D0FADD /* AllPhotocardsCollectionViewController.swift in Sources */,
				4743DEE12BD79B22000B3E45 /* User.swift in Sources */,
				47B079802BD8D28400E79EB4 /* UIViewController+displayMessage.swift in Sources */,
			);
			runOnlyForDeploymentPostprocessing = 0;
		};
/* End PBXSourcesBuildPhase section */

/* Begin PBXVariantGroup section */
		4737A8E92BD4CA3B003D23BA /* Main.storyboard */ = {
			isa = PBXVariantGroup;
			children = (
				4737A8EA2BD4CA3B003D23BA /* Base */,
			);
			name = Main.storyboard;
			sourceTree = "<group>";
		};
		4737A8EE2BD4CA3C003D23BA /* LaunchScreen.storyboard */ = {
			isa = PBXVariantGroup;
			children = (
				4737A8EF2BD4CA3C003D23BA /* Base */,
			);
			name = LaunchScreen.storyboard;
			sourceTree = "<group>";
		};
/* End PBXVariantGroup section */

/* Begin XCBuildConfiguration section */
		4737A8F22BD4CA3C003D23BA /* Debug */ = {
			isa = XCBuildConfiguration;
			buildSettings = {
				ALWAYS_SEARCH_USER_PATHS = NO;
				ASSETCATALOG_COMPILER_GENERATE_SWIFT_ASSET_SYMBOL_EXTENSIONS = YES;
				CLANG_ANALYZER_NONNULL = YES;
				CLANG_ANALYZER_NUMBER_OBJECT_CONVERSION = YES_AGGRESSIVE;
				CLANG_CXX_LANGUAGE_STANDARD = "gnu++20";
				CLANG_ENABLE_MODULES = YES;
				CLANG_ENABLE_OBJC_ARC = YES;
				CLANG_ENABLE_OBJC_WEAK = YES;
				CLANG_WARN_BLOCK_CAPTURE_AUTORELEASING = YES;
				CLANG_WARN_BOOL_CONVERSION = YES;
				CLANG_WARN_COMMA = YES;
				CLANG_WARN_CONSTANT_CONVERSION = YES;
				CLANG_WARN_DEPRECATED_OBJC_IMPLEMENTATIONS = YES;
				CLANG_WARN_DIRECT_OBJC_ISA_USAGE = YES_ERROR;
				CLANG_WARN_DOCUMENTATION_COMMENTS = YES;
				CLANG_WARN_EMPTY_BODY = YES;
				CLANG_WARN_ENUM_CONVERSION = YES;
				CLANG_WARN_INFINITE_RECURSION = YES;
				CLANG_WARN_INT_CONVERSION = YES;
				CLANG_WARN_NON_LITERAL_NULL_CONVERSION = YES;
				CLANG_WARN_OBJC_IMPLICIT_RETAIN_SELF = YES;
				CLANG_WARN_OBJC_LITERAL_CONVERSION = YES;
				CLANG_WARN_OBJC_ROOT_CLASS = YES_ERROR;
				CLANG_WARN_QUOTED_INCLUDE_IN_FRAMEWORK_HEADER = YES;
				CLANG_WARN_RANGE_LOOP_ANALYSIS = YES;
				CLANG_WARN_STRICT_PROTOTYPES = YES;
				CLANG_WARN_SUSPICIOUS_MOVE = YES;
				CLANG_WARN_UNGUARDED_AVAILABILITY = YES_AGGRESSIVE;
				CLANG_WARN_UNREACHABLE_CODE = YES;
				CLANG_WARN__DUPLICATE_METHOD_MATCH = YES;
				COPY_PHASE_STRIP = NO;
				DEBUG_INFORMATION_FORMAT = dwarf;
				ENABLE_STRICT_OBJC_MSGSEND = YES;
				ENABLE_TESTABILITY = YES;
				ENABLE_USER_SCRIPT_SANDBOXING = YES;
				GCC_C_LANGUAGE_STANDARD = gnu17;
				GCC_DYNAMIC_NO_PIC = NO;
				GCC_NO_COMMON_BLOCKS = YES;
				GCC_OPTIMIZATION_LEVEL = 0;
				GCC_PREPROCESSOR_DEFINITIONS = (
					"DEBUG=1",
					"$(inherited)",
				);
				GCC_WARN_64_TO_32_BIT_CONVERSION = YES;
				GCC_WARN_ABOUT_RETURN_TYPE = YES_ERROR;
				GCC_WARN_UNDECLARED_SELECTOR = YES;
				GCC_WARN_UNINITIALIZED_AUTOS = YES_AGGRESSIVE;
				GCC_WARN_UNUSED_FUNCTION = YES;
				GCC_WARN_UNUSED_VARIABLE = YES;
				IPHONEOS_DEPLOYMENT_TARGET = 17.4;
				LOCALIZATION_PREFERS_STRING_CATALOGS = YES;
				MTL_ENABLE_DEBUG_INFO = INCLUDE_SOURCE;
				MTL_FAST_MATH = YES;
				ONLY_ACTIVE_ARCH = YES;
				SDKROOT = iphoneos;
				SWIFT_ACTIVE_COMPILATION_CONDITIONS = "DEBUG $(inherited)";
				SWIFT_OPTIMIZATION_LEVEL = "-Onone";
			};
			name = Debug;
		};
		4737A8F32BD4CA3C003D23BA /* Release */ = {
			isa = XCBuildConfiguration;
			buildSettings = {
				ALWAYS_SEARCH_USER_PATHS = NO;
				ASSETCATALOG_COMPILER_GENERATE_SWIFT_ASSET_SYMBOL_EXTENSIONS = YES;
				CLANG_ANALYZER_NONNULL = YES;
				CLANG_ANALYZER_NUMBER_OBJECT_CONVERSION = YES_AGGRESSIVE;
				CLANG_CXX_LANGUAGE_STANDARD = "gnu++20";
				CLANG_ENABLE_MODULES = YES;
				CLANG_ENABLE_OBJC_ARC = YES;
				CLANG_ENABLE_OBJC_WEAK = YES;
				CLANG_WARN_BLOCK_CAPTURE_AUTORELEASING = YES;
				CLANG_WARN_BOOL_CONVERSION = YES;
				CLANG_WARN_COMMA = YES;
				CLANG_WARN_CONSTANT_CONVERSION = YES;
				CLANG_WARN_DEPRECATED_OBJC_IMPLEMENTATIONS = YES;
				CLANG_WARN_DIRECT_OBJC_ISA_USAGE = YES_ERROR;
				CLANG_WARN_DOCUMENTATION_COMMENTS = YES;
				CLANG_WARN_EMPTY_BODY = YES;
				CLANG_WARN_ENUM_CONVERSION = YES;
				CLANG_WARN_INFINITE_RECURSION = YES;
				CLANG_WARN_INT_CONVERSION = YES;
				CLANG_WARN_NON_LITERAL_NULL_CONVERSION = YES;
				CLANG_WARN_OBJC_IMPLICIT_RETAIN_SELF = YES;
				CLANG_WARN_OBJC_LITERAL_CONVERSION = YES;
				CLANG_WARN_OBJC_ROOT_CLASS = YES_ERROR;
				CLANG_WARN_QUOTED_INCLUDE_IN_FRAMEWORK_HEADER = YES;
				CLANG_WARN_RANGE_LOOP_ANALYSIS = YES;
				CLANG_WARN_STRICT_PROTOTYPES = YES;
				CLANG_WARN_SUSPICIOUS_MOVE = YES;
				CLANG_WARN_UNGUARDED_AVAILABILITY = YES_AGGRESSIVE;
				CLANG_WARN_UNREACHABLE_CODE = YES;
				CLANG_WARN__DUPLICATE_METHOD_MATCH = YES;
				COPY_PHASE_STRIP = NO;
				DEBUG_INFORMATION_FORMAT = "dwarf-with-dsym";
				ENABLE_NS_ASSERTIONS = NO;
				ENABLE_STRICT_OBJC_MSGSEND = YES;
				ENABLE_USER_SCRIPT_SANDBOXING = YES;
				GCC_C_LANGUAGE_STANDARD = gnu17;
				GCC_NO_COMMON_BLOCKS = YES;
				GCC_WARN_64_TO_32_BIT_CONVERSION = YES;
				GCC_WARN_ABOUT_RETURN_TYPE = YES_ERROR;
				GCC_WARN_UNDECLARED_SELECTOR = YES;
				GCC_WARN_UNINITIALIZED_AUTOS = YES_AGGRESSIVE;
				GCC_WARN_UNUSED_FUNCTION = YES;
				GCC_WARN_UNUSED_VARIABLE = YES;
				IPHONEOS_DEPLOYMENT_TARGET = 17.4;
				LOCALIZATION_PREFERS_STRING_CATALOGS = YES;
				MTL_ENABLE_DEBUG_INFO = NO;
				MTL_FAST_MATH = YES;
				SDKROOT = iphoneos;
				SWIFT_COMPILATION_MODE = wholemodule;
				VALIDATE_PRODUCT = YES;
			};
			name = Release;
		};
		4737A8F52BD4CA3C003D23BA /* Debug */ = {
			isa = XCBuildConfiguration;
			buildSettings = {
				ASSETCATALOG_COMPILER_APPICON_NAME = AppIcon;
				ASSETCATALOG_COMPILER_GLOBAL_ACCENT_COLOR_NAME = AccentColor;
				CODE_SIGN_STYLE = Automatic;
				CURRENT_PROJECT_VERSION = 1;
				GENERATE_INFOPLIST_FILE = YES;
				INFOPLIST_FILE = "Kollect-App/Info.plist";
				INFOPLIST_KEY_UIApplicationSupportsIndirectInputEvents = YES;
				INFOPLIST_KEY_UILaunchStoryboardName = LaunchScreen;
				INFOPLIST_KEY_UIMainStoryboardFile = Main;
				INFOPLIST_KEY_UISupportedInterfaceOrientations_iPad = "UIInterfaceOrientationPortrait UIInterfaceOrientationPortraitUpsideDown UIInterfaceOrientationLandscapeLeft UIInterfaceOrientationLandscapeRight";
				INFOPLIST_KEY_UISupportedInterfaceOrientations_iPhone = "UIInterfaceOrientationPortrait UIInterfaceOrientationLandscapeLeft UIInterfaceOrientationLandscapeRight";
				LD_RUNPATH_SEARCH_PATHS = (
					"$(inherited)",
					"@executable_path/Frameworks",
				);
				MARKETING_VERSION = 1.0;
				PRODUCT_BUNDLE_IDENTIFIER = "edu.monash.Kollect-App";
				PRODUCT_NAME = "$(TARGET_NAME)";
				SWIFT_EMIT_LOC_STRINGS = YES;
				SWIFT_VERSION = 5.0;
				TARGETED_DEVICE_FAMILY = "1,2";
			};
			name = Debug;
		};
		4737A8F62BD4CA3C003D23BA /* Release */ = {
			isa = XCBuildConfiguration;
			buildSettings = {
				ASSETCATALOG_COMPILER_APPICON_NAME = AppIcon;
				ASSETCATALOG_COMPILER_GLOBAL_ACCENT_COLOR_NAME = AccentColor;
				CODE_SIGN_STYLE = Automatic;
				CURRENT_PROJECT_VERSION = 1;
				GENERATE_INFOPLIST_FILE = YES;
				INFOPLIST_FILE = "Kollect-App/Info.plist";
				INFOPLIST_KEY_UIApplicationSupportsIndirectInputEvents = YES;
				INFOPLIST_KEY_UILaunchStoryboardName = LaunchScreen;
				INFOPLIST_KEY_UIMainStoryboardFile = Main;
				INFOPLIST_KEY_UISupportedInterfaceOrientations_iPad = "UIInterfaceOrientationPortrait UIInterfaceOrientationPortraitUpsideDown UIInterfaceOrientationLandscapeLeft UIInterfaceOrientationLandscapeRight";
				INFOPLIST_KEY_UISupportedInterfaceOrientations_iPhone = "UIInterfaceOrientationPortrait UIInterfaceOrientationLandscapeLeft UIInterfaceOrientationLandscapeRight";
				LD_RUNPATH_SEARCH_PATHS = (
					"$(inherited)",
					"@executable_path/Frameworks",
				);
				MARKETING_VERSION = 1.0;
				PRODUCT_BUNDLE_IDENTIFIER = "edu.monash.Kollect-App";
				PRODUCT_NAME = "$(TARGET_NAME)";
				SWIFT_EMIT_LOC_STRINGS = YES;
				SWIFT_VERSION = 5.0;
				TARGETED_DEVICE_FAMILY = "1,2";
			};
			name = Release;
		};
/* End XCBuildConfiguration section */

/* Begin XCConfigurationList section */
		4737A8DB2BD4CA3B003D23BA /* Build configuration list for PBXProject "Kollect-App" */ = {
			isa = XCConfigurationList;
			buildConfigurations = (
				4737A8F22BD4CA3C003D23BA /* Debug */,
				4737A8F32BD4CA3C003D23BA /* Release */,
			);
			defaultConfigurationIsVisible = 0;
			defaultConfigurationName = Release;
		};
		4737A8F42BD4CA3C003D23BA /* Build configuration list for PBXNativeTarget "Kollect-App" */ = {
			isa = XCConfigurationList;
			buildConfigurations = (
				4737A8F52BD4CA3C003D23BA /* Debug */,
				4737A8F62BD4CA3C003D23BA /* Release */,
			);
			defaultConfigurationIsVisible = 0;
			defaultConfigurationName = Release;
		};
/* End XCConfigurationList section */

/* Begin XCRemoteSwiftPackageReference section */
		4737A8F72BD4CF3F003D23BA /* XCRemoteSwiftPackageReference "firebase-ios-sdk" */ = {
			isa = XCRemoteSwiftPackageReference;
			repositoryURL = "https://github.com/firebase/firebase-ios-sdk.git";
			requirement = {
				kind = upToNextMajorVersion;
				minimumVersion = 10.24.0;
			};
		};
/* End XCRemoteSwiftPackageReference section */

/* Begin XCSwiftPackageProductDependency section */
		4737A8F82BD4CF3F003D23BA /* FirebaseAuth */ = {
			isa = XCSwiftPackageProductDependency;
			package = 4737A8F72BD4CF3F003D23BA /* XCRemoteSwiftPackageReference "firebase-ios-sdk" */;
			productName = FirebaseAuth;
		};
		4737A8FA2BD4CF3F003D23BA /* FirebaseFirestore */ = {
			isa = XCSwiftPackageProductDependency;
			package = 4737A8F72BD4CF3F003D23BA /* XCRemoteSwiftPackageReference "firebase-ios-sdk" */;
			productName = FirebaseFirestore;
		};
		4737A8FC2BD4CF3F003D23BA /* FirebaseFirestoreSwift */ = {
			isa = XCSwiftPackageProductDependency;
			package = 4737A8F72BD4CF3F003D23BA /* XCRemoteSwiftPackageReference "firebase-ios-sdk" */;
			productName = FirebaseFirestoreSwift;
		};
/* End XCSwiftPackageProductDependency section */
	};
	rootObject = 4737A8D82BD4CA3B003D23BA /* Project object */;
}
